
Microsoft Visual Studio Solution File, Format Version 12.00
# Visual Studio 15
VisualStudioVersion = 15.0.28307.779
MinimumVisualStudioVersion = 10.0.40219.1
Project("{E53339B2-1760-4266-BCC7-CA923CBCF16C}") = "docker-compose", "docker-compose.dcproj", "{FEA0C318-FFED-4D39-8781-265718CA43DD}"
EndProject
Project("{2150E333-8FDC-42A3-9474-1A3956D46DE8}") = "src", "src", "{932D8224-11F6-4D07-B109-DA28AD288A63}"
EndProject
Project("{2150E333-8FDC-42A3-9474-1A3956D46DE8}") = "Solution Items", "Solution Items", "{3AF739CD-81D8-428D-A08A-0A58372DEBF6}"
	ProjectSection(SolutionItems) = preProject
		.env = .env
		Local.testsettings = Local.testsettings
		NuGet.config = NuGet.config
	EndProjectSection
EndProject
Project("{2150E333-8FDC-42A3-9474-1A3956D46DE8}") = "Services", "Services", "{91CF7717-08AB-4E65-B10E-0B426F01E2E8}"
EndProject
Project("{2150E333-8FDC-42A3-9474-1A3956D46DE8}") = "Web Apps", "Web Apps", "{E279BF0F-7F66-4F3A-A3AB-2CDA66C1CD04}"
EndProject
Project("{2150E333-8FDC-42A3-9474-1A3956D46DE8}") = "test", "test", "{A857AD10-40FF-4303-BEC2-FF1C58D5735E}"
EndProject
Project("{2150E333-8FDC-42A3-9474-1A3956D46DE8}") = "BuildingBlocks", "BuildingBlocks", "{DB0EFB20-B024-4E5E-A75C-52143C131D25}"
EndProject
Project("{2150E333-8FDC-42A3-9474-1A3956D46DE8}") = "EventBus", "EventBus", "{807BB76E-B2BB-47A2-A57B-3D1B20FF5E7F}"
EndProject
Project("{9A19103F-16F7-4668-BE54-9A1E7A4F7556}") = "EventBus", "src\BuildingBlocks\EventBus\EventBus\EventBus.csproj", "{0044B293-1DCC-4224-B948-00CF6DC7F510}"
EndProject
Project("{9A19103F-16F7-4668-BE54-9A1E7A4F7556}") = "EventBusRabbitMQ", "src\BuildingBlocks\EventBus\EventBusRabbitMQ\EventBusRabbitMQ.csproj", "{8088F3FC-6787-45FA-A924-816EC81CBFAC}"
EndProject
Project("{9A19103F-16F7-4668-BE54-9A1E7A4F7556}") = "EventBusServiceBus", "src\BuildingBlocks\EventBus\EventBusServiceBus\EventBusServiceBus.csproj", "{69AF10D3-AA76-4FF7-B187-EC7E8CC5F5B8}"
EndProject
Project("{2150E333-8FDC-42A3-9474-1A3956D46DE8}") = "WebHost", "WebHost", "{1815B651-941C-466B-AE33-D1D7EEB8F77F}"
EndProject
Project("{9A19103F-16F7-4668-BE54-9A1E7A4F7556}") = "WebHost.Customization", "src\BuildingBlocks\WebHostCustomization\WebHost.Customization\WebHost.Customization.csproj", "{15F4B3AA-89B6-4A0D-9051-414305974781}"
EndProject
Project("{2150E333-8FDC-42A3-9474-1A3956D46DE8}") = "ApiGateways", "ApiGateways", "{77849D35-37D4-4802-81DC-9477B2775A40}"
EndProject
Project("{2150E333-8FDC-42A3-9474-1A3956D46DE8}") = "ApiGw-Base", "ApiGw-Base", "{EC91ADE9-3D66-4AB2-9FB4-2B585E1F3531}"
EndProject
Project("{9A19103F-16F7-4668-BE54-9A1E7A4F7556}") = "OcelotApiGw", "src\ApiGateways\ApiGw-Base\OcelotApiGw.csproj", "{3F79558C-485D-49E1-BD3E-E12538D3D308}"
EndProject
Project("{2150E333-8FDC-42A3-9474-1A3956D46DE8}") = "Devspace.Support", "Devspace.Support", "{68F5041D-51F2-4630-94B6-B49789F5E51A}"
EndProject
Project("{9A19103F-16F7-4668-BE54-9A1E7A4F7556}") = "Devspaces.Support", "src\BuildingBlocks\Devspaces.Support\Devspaces.Support.csproj", "{56C2EF0B-6BF2-41D9-BE07-6E6D08D06B35}"
EndProject
Project("{9092AA53-FB77-4645-B42D-1CCCA6BD08BD}") = "MF-LexonConn", "src\Web\MF-LexonConn\MF-LexonConn.njsproj", "{9E0EFD03-7BC5-4D9F-BF22-058A8B7B820B}"
EndProject
Project("{9092AA53-FB77-4645-B42D-1CCCA6BD08BD}") = "RootApp", "src\Web\RootApp\RootApp.njsproj", "{7D2AFFF7-990A-4B15-8E01-437261F12F5C}"
EndProject
Project("{9092AA53-FB77-4645-B42D-1CCCA6BD08BD}") = "WebInbox-Google", "src\Web\WebInbox-Google\WebInbox-Google.njsproj", "{9EFBF2B2-EB6B-4FDE-8797-9436208ADA8D}"
EndProject
Project("{9092AA53-FB77-4645-B42D-1CCCA6BD08BD}") = "WebInbox-Graph", "src\Web\WebInbox-Graph\WebInbox-Graph.njsproj", "{CF701FB2-3706-4A47-AADA-E2116B58C576}"
EndProject
Project("{9092AA53-FB77-4645-B42D-1CCCA6BD08BD}") = "WebInbox-ImapSmtp", "src\Web\WebInbox-ImapSmtp\WebInbox-ImapSmtp.njsproj", "{89DE7B78-BDF6-4095-8587-6F540A8B1096}"
EndProject
Project("{9A19103F-16F7-4668-BE54-9A1E7A4F7556}") = "IntegrationEventLogMongoDB", "src\BuildingBlocks\EventBus\IntegrationEventLogMongoDB\IntegrationEventLogMongoDB.csproj", "{EFFA4F3D-146A-4E58-B0B4-CC5904565DD2}"
EndProject
Project("{2150E333-8FDC-42A3-9474-1A3956D46DE8}") = "Lexon", "Lexon", "{3F68DD1B-D7B0-4053-924E-FD297ECAD0B2}"
EndProject
Project("{9A19103F-16F7-4668-BE54-9A1E7A4F7556}") = "Lexon.API", "src\Services\Lexon\Lexon.API\Lexon.API.csproj", "{26F84F13-7F6D-47AD-88F8-1FBB1F7054DF}"
EndProject
Project("{2150E333-8FDC-42A3-9474-1A3956D46DE8}") = "tests", "tests", "{16B2CBBE-25BC-4553-9DD0-1BE1DD715570}"
EndProject
Project("{9A19103F-16F7-4668-BE54-9A1E7A4F7556}") = "Lexon.FunctionalTests", "src\Services\Lexon\Lexon.FunctionalTests\Lexon.FunctionalTests.csproj", "{353D57F2-70E1-4CF1-9431-FFA4B6DA804A}"
EndProject
Project("{9A19103F-16F7-4668-BE54-9A1E7A4F7556}") = "ApiGw-Lexon", "src\ApiGateways\ApiGw-Lexon\ApiGw-Lexon.csproj", "{E095C29B-79F0-46E0-91EE-2FDB55F30754}"
EndProject
Project("{2150E333-8FDC-42A3-9474-1A3956D46DE8}") = "ApiGw-NoDocker", "ApiGw-NoDocker", "{5D448279-4725-4912-96B6-191E1F8D7ED2}"
EndProject
Project("{2150E333-8FDC-42A3-9474-1A3956D46DE8}") = "EmailUserAccount", "EmailUserAccount", "{DEEF75F4-2602-49C9-8091-DDE74E0C7A14}"
EndProject
Project("{9A19103F-16F7-4668-BE54-9A1E7A4F7556}") = "EmailUserAccount.API", "src\Services\EmailUserAccount\EmailUserAccount.API\EmailUserAccount.API.csproj", "{DE49863E-EC3F-4974-B76C-88ACDFC851EC}"
EndProject
Project("{9A19103F-16F7-4668-BE54-9A1E7A4F7556}") = "ApiGw-EmailUserAccount", "src\ApiGateways\ApiGw-EmailUserAccount\ApiGw-EmailUserAccount.csproj", "{4DBC063C-53F4-444C-B2FC-D62E07CA7A1D}"
EndProject
Project("{2150E333-8FDC-42A3-9474-1A3956D46DE8}") = "Web.Bff.Lexon", "Web.Bff.Lexon", "{71A3B3D3-653C-43A1-823F-B72A2591A75A}"
	ProjectSection(SolutionItems) = preProject
		src\ApiGateways\Web.Bff.Lexon\apigw\configuration.json = src\ApiGateways\Web.Bff.Lexon\apigw\configuration.json
	EndProjectSection
EndProject
Project("{2150E333-8FDC-42A3-9474-1A3956D46DE8}") = "Web.Bff.EmailUser", "Web.Bff.EmailUser", "{C3F52A18-4960-4DE1-B7CF-2DFE1EBA5438}"
	ProjectSection(SolutionItems) = preProject
		src\ApiGateways\Web.Bff.EmailUser\apigw\configuration.json = src\ApiGateways\Web.Bff.EmailUser\apigw\configuration.json
	EndProjectSection
EndProject
Project("{9A19103F-16F7-4668-BE54-9A1E7A4F7556}") = "ApiGw-Lefebvre", "src\ApiGateways\ApiGw-Lefebvre\ApiGw-Lefebvre.csproj", "{65EB4CC1-E628-4DED-8F9C-9A496DFC88A9}"
EndProject
Project("{FAE04EC0-301F-11D3-BF4B-00C04F79EFBC}") = "WebStatusLefebvre", "src\Web\WebStatusLefebvre\WebStatusLefebvre.csproj", "{621F0860-B843-42A4-A54E-4BC0534D5243}"
EndProject
Global
	GlobalSection(SolutionConfigurationPlatforms) = preSolution
		Ad-Hoc|Any CPU = Ad-Hoc|Any CPU
		Ad-Hoc|ARM = Ad-Hoc|ARM
		Ad-Hoc|iPhone = Ad-Hoc|iPhone
		Ad-Hoc|iPhoneSimulator = Ad-Hoc|iPhoneSimulator
		Ad-Hoc|x64 = Ad-Hoc|x64
		Ad-Hoc|x86 = Ad-Hoc|x86
		AppStore|Any CPU = AppStore|Any CPU
		AppStore|ARM = AppStore|ARM
		AppStore|iPhone = AppStore|iPhone
		AppStore|iPhoneSimulator = AppStore|iPhoneSimulator
		AppStore|x64 = AppStore|x64
		AppStore|x86 = AppStore|x86
		Debug|Any CPU = Debug|Any CPU
		Debug|ARM = Debug|ARM
		Debug|iPhone = Debug|iPhone
		Debug|iPhoneSimulator = Debug|iPhoneSimulator
		Debug|x64 = Debug|x64
		Debug|x86 = Debug|x86
		Release|Any CPU = Release|Any CPU
		Release|ARM = Release|ARM
		Release|iPhone = Release|iPhone
		Release|iPhoneSimulator = Release|iPhoneSimulator
		Release|x64 = Release|x64
		Release|x86 = Release|x86
	EndGlobalSection
	GlobalSection(ProjectConfigurationPlatforms) = postSolution
		{FEA0C318-FFED-4D39-8781-265718CA43DD}.Ad-Hoc|Any CPU.ActiveCfg = Debug|Any CPU
		{FEA0C318-FFED-4D39-8781-265718CA43DD}.Ad-Hoc|Any CPU.Build.0 = Debug|Any CPU
		{FEA0C318-FFED-4D39-8781-265718CA43DD}.Ad-Hoc|ARM.ActiveCfg = Debug|Any CPU
		{FEA0C318-FFED-4D39-8781-265718CA43DD}.Ad-Hoc|ARM.Build.0 = Debug|Any CPU
		{FEA0C318-FFED-4D39-8781-265718CA43DD}.Ad-Hoc|iPhone.ActiveCfg = Debug|Any CPU
		{FEA0C318-FFED-4D39-8781-265718CA43DD}.Ad-Hoc|iPhone.Build.0 = Debug|Any CPU
		{FEA0C318-FFED-4D39-8781-265718CA43DD}.Ad-Hoc|iPhoneSimulator.ActiveCfg = Debug|Any CPU
		{FEA0C318-FFED-4D39-8781-265718CA43DD}.Ad-Hoc|iPhoneSimulator.Build.0 = Debug|Any CPU
		{FEA0C318-FFED-4D39-8781-265718CA43DD}.Ad-Hoc|x64.ActiveCfg = Debug|Any CPU
		{FEA0C318-FFED-4D39-8781-265718CA43DD}.Ad-Hoc|x64.Build.0 = Debug|Any CPU
		{FEA0C318-FFED-4D39-8781-265718CA43DD}.Ad-Hoc|x86.ActiveCfg = Debug|Any CPU
		{FEA0C318-FFED-4D39-8781-265718CA43DD}.Ad-Hoc|x86.Build.0 = Debug|Any CPU
		{FEA0C318-FFED-4D39-8781-265718CA43DD}.AppStore|Any CPU.ActiveCfg = Debug|Any CPU
		{FEA0C318-FFED-4D39-8781-265718CA43DD}.AppStore|Any CPU.Build.0 = Debug|Any CPU
		{FEA0C318-FFED-4D39-8781-265718CA43DD}.AppStore|ARM.ActiveCfg = Debug|Any CPU
		{FEA0C318-FFED-4D39-8781-265718CA43DD}.AppStore|ARM.Build.0 = Debug|Any CPU
		{FEA0C318-FFED-4D39-8781-265718CA43DD}.AppStore|iPhone.ActiveCfg = Debug|Any CPU
		{FEA0C318-FFED-4D39-8781-265718CA43DD}.AppStore|iPhone.Build.0 = Debug|Any CPU
		{FEA0C318-FFED-4D39-8781-265718CA43DD}.AppStore|iPhoneSimulator.ActiveCfg = Debug|Any CPU
		{FEA0C318-FFED-4D39-8781-265718CA43DD}.AppStore|iPhoneSimulator.Build.0 = Debug|Any CPU
		{FEA0C318-FFED-4D39-8781-265718CA43DD}.AppStore|x64.ActiveCfg = Debug|Any CPU
		{FEA0C318-FFED-4D39-8781-265718CA43DD}.AppStore|x64.Build.0 = Debug|Any CPU
		{FEA0C318-FFED-4D39-8781-265718CA43DD}.AppStore|x86.ActiveCfg = Debug|Any CPU
		{FEA0C318-FFED-4D39-8781-265718CA43DD}.AppStore|x86.Build.0 = Debug|Any CPU
		{FEA0C318-FFED-4D39-8781-265718CA43DD}.Debug|Any CPU.ActiveCfg = Debug|Any CPU
		{FEA0C318-FFED-4D39-8781-265718CA43DD}.Debug|Any CPU.Build.0 = Debug|Any CPU
		{FEA0C318-FFED-4D39-8781-265718CA43DD}.Debug|ARM.ActiveCfg = Debug|Any CPU
		{FEA0C318-FFED-4D39-8781-265718CA43DD}.Debug|ARM.Build.0 = Debug|Any CPU
		{FEA0C318-FFED-4D39-8781-265718CA43DD}.Debug|iPhone.ActiveCfg = Debug|Any CPU
		{FEA0C318-FFED-4D39-8781-265718CA43DD}.Debug|iPhone.Build.0 = Debug|Any CPU
		{FEA0C318-FFED-4D39-8781-265718CA43DD}.Debug|iPhoneSimulator.ActiveCfg = Debug|Any CPU
		{FEA0C318-FFED-4D39-8781-265718CA43DD}.Debug|iPhoneSimulator.Build.0 = Debug|Any CPU
		{FEA0C318-FFED-4D39-8781-265718CA43DD}.Debug|x64.ActiveCfg = Debug|Any CPU
		{FEA0C318-FFED-4D39-8781-265718CA43DD}.Debug|x64.Build.0 = Debug|Any CPU
		{FEA0C318-FFED-4D39-8781-265718CA43DD}.Debug|x86.ActiveCfg = Debug|Any CPU
		{FEA0C318-FFED-4D39-8781-265718CA43DD}.Debug|x86.Build.0 = Debug|Any CPU
		{FEA0C318-FFED-4D39-8781-265718CA43DD}.Release|Any CPU.ActiveCfg = Release|Any CPU
		{FEA0C318-FFED-4D39-8781-265718CA43DD}.Release|Any CPU.Build.0 = Release|Any CPU
		{FEA0C318-FFED-4D39-8781-265718CA43DD}.Release|ARM.ActiveCfg = Release|Any CPU
		{FEA0C318-FFED-4D39-8781-265718CA43DD}.Release|ARM.Build.0 = Release|Any CPU
		{FEA0C318-FFED-4D39-8781-265718CA43DD}.Release|iPhone.ActiveCfg = Release|Any CPU
		{FEA0C318-FFED-4D39-8781-265718CA43DD}.Release|iPhone.Build.0 = Release|Any CPU
		{FEA0C318-FFED-4D39-8781-265718CA43DD}.Release|iPhoneSimulator.ActiveCfg = Release|Any CPU
		{FEA0C318-FFED-4D39-8781-265718CA43DD}.Release|iPhoneSimulator.Build.0 = Release|Any CPU
		{FEA0C318-FFED-4D39-8781-265718CA43DD}.Release|x64.ActiveCfg = Release|Any CPU
		{FEA0C318-FFED-4D39-8781-265718CA43DD}.Release|x64.Build.0 = Release|Any CPU
		{FEA0C318-FFED-4D39-8781-265718CA43DD}.Release|x86.ActiveCfg = Release|Any CPU
		{FEA0C318-FFED-4D39-8781-265718CA43DD}.Release|x86.Build.0 = Release|Any CPU
		{0044B293-1DCC-4224-B948-00CF6DC7F510}.Ad-Hoc|Any CPU.ActiveCfg = Debug|Any CPU
		{0044B293-1DCC-4224-B948-00CF6DC7F510}.Ad-Hoc|Any CPU.Build.0 = Debug|Any CPU
		{0044B293-1DCC-4224-B948-00CF6DC7F510}.Ad-Hoc|ARM.ActiveCfg = Debug|Any CPU
		{0044B293-1DCC-4224-B948-00CF6DC7F510}.Ad-Hoc|ARM.Build.0 = Debug|Any CPU
		{0044B293-1DCC-4224-B948-00CF6DC7F510}.Ad-Hoc|iPhone.ActiveCfg = Debug|Any CPU
		{0044B293-1DCC-4224-B948-00CF6DC7F510}.Ad-Hoc|iPhone.Build.0 = Debug|Any CPU
		{0044B293-1DCC-4224-B948-00CF6DC7F510}.Ad-Hoc|iPhoneSimulator.ActiveCfg = Debug|Any CPU
		{0044B293-1DCC-4224-B948-00CF6DC7F510}.Ad-Hoc|iPhoneSimulator.Build.0 = Debug|Any CPU
		{0044B293-1DCC-4224-B948-00CF6DC7F510}.Ad-Hoc|x64.ActiveCfg = Debug|Any CPU
		{0044B293-1DCC-4224-B948-00CF6DC7F510}.Ad-Hoc|x64.Build.0 = Debug|Any CPU
		{0044B293-1DCC-4224-B948-00CF6DC7F510}.Ad-Hoc|x86.ActiveCfg = Debug|Any CPU
		{0044B293-1DCC-4224-B948-00CF6DC7F510}.Ad-Hoc|x86.Build.0 = Debug|Any CPU
		{0044B293-1DCC-4224-B948-00CF6DC7F510}.AppStore|Any CPU.ActiveCfg = Debug|Any CPU
		{0044B293-1DCC-4224-B948-00CF6DC7F510}.AppStore|Any CPU.Build.0 = Debug|Any CPU
		{0044B293-1DCC-4224-B948-00CF6DC7F510}.AppStore|ARM.ActiveCfg = Debug|Any CPU
		{0044B293-1DCC-4224-B948-00CF6DC7F510}.AppStore|ARM.Build.0 = Debug|Any CPU
		{0044B293-1DCC-4224-B948-00CF6DC7F510}.AppStore|iPhone.ActiveCfg = Debug|Any CPU
		{0044B293-1DCC-4224-B948-00CF6DC7F510}.AppStore|iPhone.Build.0 = Debug|Any CPU
		{0044B293-1DCC-4224-B948-00CF6DC7F510}.AppStore|iPhoneSimulator.ActiveCfg = Debug|Any CPU
		{0044B293-1DCC-4224-B948-00CF6DC7F510}.AppStore|iPhoneSimulator.Build.0 = Debug|Any CPU
		{0044B293-1DCC-4224-B948-00CF6DC7F510}.AppStore|x64.ActiveCfg = Debug|Any CPU
		{0044B293-1DCC-4224-B948-00CF6DC7F510}.AppStore|x64.Build.0 = Debug|Any CPU
		{0044B293-1DCC-4224-B948-00CF6DC7F510}.AppStore|x86.ActiveCfg = Debug|Any CPU
		{0044B293-1DCC-4224-B948-00CF6DC7F510}.AppStore|x86.Build.0 = Debug|Any CPU
		{0044B293-1DCC-4224-B948-00CF6DC7F510}.Debug|Any CPU.ActiveCfg = Debug|Any CPU
		{0044B293-1DCC-4224-B948-00CF6DC7F510}.Debug|Any CPU.Build.0 = Debug|Any CPU
		{0044B293-1DCC-4224-B948-00CF6DC7F510}.Debug|ARM.ActiveCfg = Debug|Any CPU
		{0044B293-1DCC-4224-B948-00CF6DC7F510}.Debug|ARM.Build.0 = Debug|Any CPU
		{0044B293-1DCC-4224-B948-00CF6DC7F510}.Debug|iPhone.ActiveCfg = Debug|Any CPU
		{0044B293-1DCC-4224-B948-00CF6DC7F510}.Debug|iPhone.Build.0 = Debug|Any CPU
		{0044B293-1DCC-4224-B948-00CF6DC7F510}.Debug|iPhoneSimulator.ActiveCfg = Debug|Any CPU
		{0044B293-1DCC-4224-B948-00CF6DC7F510}.Debug|iPhoneSimulator.Build.0 = Debug|Any CPU
		{0044B293-1DCC-4224-B948-00CF6DC7F510}.Debug|x64.ActiveCfg = Debug|Any CPU
		{0044B293-1DCC-4224-B948-00CF6DC7F510}.Debug|x64.Build.0 = Debug|Any CPU
		{0044B293-1DCC-4224-B948-00CF6DC7F510}.Debug|x86.ActiveCfg = Debug|Any CPU
		{0044B293-1DCC-4224-B948-00CF6DC7F510}.Debug|x86.Build.0 = Debug|Any CPU
		{0044B293-1DCC-4224-B948-00CF6DC7F510}.Release|Any CPU.ActiveCfg = Release|Any CPU
		{0044B293-1DCC-4224-B948-00CF6DC7F510}.Release|Any CPU.Build.0 = Release|Any CPU
		{0044B293-1DCC-4224-B948-00CF6DC7F510}.Release|ARM.ActiveCfg = Release|Any CPU
		{0044B293-1DCC-4224-B948-00CF6DC7F510}.Release|ARM.Build.0 = Release|Any CPU
		{0044B293-1DCC-4224-B948-00CF6DC7F510}.Release|iPhone.ActiveCfg = Release|Any CPU
		{0044B293-1DCC-4224-B948-00CF6DC7F510}.Release|iPhone.Build.0 = Release|Any CPU
		{0044B293-1DCC-4224-B948-00CF6DC7F510}.Release|iPhoneSimulator.ActiveCfg = Release|Any CPU
		{0044B293-1DCC-4224-B948-00CF6DC7F510}.Release|iPhoneSimulator.Build.0 = Release|Any CPU
		{0044B293-1DCC-4224-B948-00CF6DC7F510}.Release|x64.ActiveCfg = Release|Any CPU
		{0044B293-1DCC-4224-B948-00CF6DC7F510}.Release|x64.Build.0 = Release|Any CPU
		{0044B293-1DCC-4224-B948-00CF6DC7F510}.Release|x86.ActiveCfg = Release|Any CPU
		{0044B293-1DCC-4224-B948-00CF6DC7F510}.Release|x86.Build.0 = Release|Any CPU
		{8088F3FC-6787-45FA-A924-816EC81CBFAC}.Ad-Hoc|Any CPU.ActiveCfg = Debug|Any CPU
		{8088F3FC-6787-45FA-A924-816EC81CBFAC}.Ad-Hoc|Any CPU.Build.0 = Debug|Any CPU
		{8088F3FC-6787-45FA-A924-816EC81CBFAC}.Ad-Hoc|ARM.ActiveCfg = Debug|Any CPU
		{8088F3FC-6787-45FA-A924-816EC81CBFAC}.Ad-Hoc|ARM.Build.0 = Debug|Any CPU
		{8088F3FC-6787-45FA-A924-816EC81CBFAC}.Ad-Hoc|iPhone.ActiveCfg = Debug|Any CPU
		{8088F3FC-6787-45FA-A924-816EC81CBFAC}.Ad-Hoc|iPhone.Build.0 = Debug|Any CPU
		{8088F3FC-6787-45FA-A924-816EC81CBFAC}.Ad-Hoc|iPhoneSimulator.ActiveCfg = Debug|Any CPU
		{8088F3FC-6787-45FA-A924-816EC81CBFAC}.Ad-Hoc|iPhoneSimulator.Build.0 = Debug|Any CPU
		{8088F3FC-6787-45FA-A924-816EC81CBFAC}.Ad-Hoc|x64.ActiveCfg = Debug|Any CPU
		{8088F3FC-6787-45FA-A924-816EC81CBFAC}.Ad-Hoc|x64.Build.0 = Debug|Any CPU
		{8088F3FC-6787-45FA-A924-816EC81CBFAC}.Ad-Hoc|x86.ActiveCfg = Debug|Any CPU
		{8088F3FC-6787-45FA-A924-816EC81CBFAC}.Ad-Hoc|x86.Build.0 = Debug|Any CPU
		{8088F3FC-6787-45FA-A924-816EC81CBFAC}.AppStore|Any CPU.ActiveCfg = Debug|Any CPU
		{8088F3FC-6787-45FA-A924-816EC81CBFAC}.AppStore|Any CPU.Build.0 = Debug|Any CPU
		{8088F3FC-6787-45FA-A924-816EC81CBFAC}.AppStore|ARM.ActiveCfg = Debug|Any CPU
		{8088F3FC-6787-45FA-A924-816EC81CBFAC}.AppStore|ARM.Build.0 = Debug|Any CPU
		{8088F3FC-6787-45FA-A924-816EC81CBFAC}.AppStore|iPhone.ActiveCfg = Debug|Any CPU
		{8088F3FC-6787-45FA-A924-816EC81CBFAC}.AppStore|iPhone.Build.0 = Debug|Any CPU
		{8088F3FC-6787-45FA-A924-816EC81CBFAC}.AppStore|iPhoneSimulator.ActiveCfg = Debug|Any CPU
		{8088F3FC-6787-45FA-A924-816EC81CBFAC}.AppStore|iPhoneSimulator.Build.0 = Debug|Any CPU
		{8088F3FC-6787-45FA-A924-816EC81CBFAC}.AppStore|x64.ActiveCfg = Debug|Any CPU
		{8088F3FC-6787-45FA-A924-816EC81CBFAC}.AppStore|x64.Build.0 = Debug|Any CPU
		{8088F3FC-6787-45FA-A924-816EC81CBFAC}.AppStore|x86.ActiveCfg = Debug|Any CPU
		{8088F3FC-6787-45FA-A924-816EC81CBFAC}.AppStore|x86.Build.0 = Debug|Any CPU
		{8088F3FC-6787-45FA-A924-816EC81CBFAC}.Debug|Any CPU.ActiveCfg = Debug|Any CPU
		{8088F3FC-6787-45FA-A924-816EC81CBFAC}.Debug|Any CPU.Build.0 = Debug|Any CPU
		{8088F3FC-6787-45FA-A924-816EC81CBFAC}.Debug|ARM.ActiveCfg = Debug|Any CPU
		{8088F3FC-6787-45FA-A924-816EC81CBFAC}.Debug|ARM.Build.0 = Debug|Any CPU
		{8088F3FC-6787-45FA-A924-816EC81CBFAC}.Debug|iPhone.ActiveCfg = Debug|Any CPU
		{8088F3FC-6787-45FA-A924-816EC81CBFAC}.Debug|iPhone.Build.0 = Debug|Any CPU
		{8088F3FC-6787-45FA-A924-816EC81CBFAC}.Debug|iPhoneSimulator.ActiveCfg = Debug|Any CPU
		{8088F3FC-6787-45FA-A924-816EC81CBFAC}.Debug|iPhoneSimulator.Build.0 = Debug|Any CPU
		{8088F3FC-6787-45FA-A924-816EC81CBFAC}.Debug|x64.ActiveCfg = Debug|Any CPU
		{8088F3FC-6787-45FA-A924-816EC81CBFAC}.Debug|x64.Build.0 = Debug|Any CPU
		{8088F3FC-6787-45FA-A924-816EC81CBFAC}.Debug|x86.ActiveCfg = Debug|Any CPU
		{8088F3FC-6787-45FA-A924-816EC81CBFAC}.Debug|x86.Build.0 = Debug|Any CPU
		{8088F3FC-6787-45FA-A924-816EC81CBFAC}.Release|Any CPU.ActiveCfg = Release|Any CPU
		{8088F3FC-6787-45FA-A924-816EC81CBFAC}.Release|Any CPU.Build.0 = Release|Any CPU
		{8088F3FC-6787-45FA-A924-816EC81CBFAC}.Release|ARM.ActiveCfg = Release|Any CPU
		{8088F3FC-6787-45FA-A924-816EC81CBFAC}.Release|ARM.Build.0 = Release|Any CPU
		{8088F3FC-6787-45FA-A924-816EC81CBFAC}.Release|iPhone.ActiveCfg = Release|Any CPU
		{8088F3FC-6787-45FA-A924-816EC81CBFAC}.Release|iPhone.Build.0 = Release|Any CPU
		{8088F3FC-6787-45FA-A924-816EC81CBFAC}.Release|iPhoneSimulator.ActiveCfg = Release|Any CPU
		{8088F3FC-6787-45FA-A924-816EC81CBFAC}.Release|iPhoneSimulator.Build.0 = Release|Any CPU
		{8088F3FC-6787-45FA-A924-816EC81CBFAC}.Release|x64.ActiveCfg = Release|Any CPU
		{8088F3FC-6787-45FA-A924-816EC81CBFAC}.Release|x64.Build.0 = Release|Any CPU
		{8088F3FC-6787-45FA-A924-816EC81CBFAC}.Release|x86.ActiveCfg = Release|Any CPU
		{8088F3FC-6787-45FA-A924-816EC81CBFAC}.Release|x86.Build.0 = Release|Any CPU
		{69AF10D3-AA76-4FF7-B187-EC7E8CC5F5B8}.Ad-Hoc|Any CPU.ActiveCfg = Debug|Any CPU
		{69AF10D3-AA76-4FF7-B187-EC7E8CC5F5B8}.Ad-Hoc|Any CPU.Build.0 = Debug|Any CPU
		{69AF10D3-AA76-4FF7-B187-EC7E8CC5F5B8}.Ad-Hoc|ARM.ActiveCfg = Debug|Any CPU
		{69AF10D3-AA76-4FF7-B187-EC7E8CC5F5B8}.Ad-Hoc|ARM.Build.0 = Debug|Any CPU
		{69AF10D3-AA76-4FF7-B187-EC7E8CC5F5B8}.Ad-Hoc|iPhone.ActiveCfg = Debug|Any CPU
		{69AF10D3-AA76-4FF7-B187-EC7E8CC5F5B8}.Ad-Hoc|iPhone.Build.0 = Debug|Any CPU
		{69AF10D3-AA76-4FF7-B187-EC7E8CC5F5B8}.Ad-Hoc|iPhoneSimulator.ActiveCfg = Debug|Any CPU
		{69AF10D3-AA76-4FF7-B187-EC7E8CC5F5B8}.Ad-Hoc|iPhoneSimulator.Build.0 = Debug|Any CPU
		{69AF10D3-AA76-4FF7-B187-EC7E8CC5F5B8}.Ad-Hoc|x64.ActiveCfg = Debug|Any CPU
		{69AF10D3-AA76-4FF7-B187-EC7E8CC5F5B8}.Ad-Hoc|x64.Build.0 = Debug|Any CPU
		{69AF10D3-AA76-4FF7-B187-EC7E8CC5F5B8}.Ad-Hoc|x86.ActiveCfg = Debug|Any CPU
		{69AF10D3-AA76-4FF7-B187-EC7E8CC5F5B8}.Ad-Hoc|x86.Build.0 = Debug|Any CPU
		{69AF10D3-AA76-4FF7-B187-EC7E8CC5F5B8}.AppStore|Any CPU.ActiveCfg = Debug|Any CPU
		{69AF10D3-AA76-4FF7-B187-EC7E8CC5F5B8}.AppStore|Any CPU.Build.0 = Debug|Any CPU
		{69AF10D3-AA76-4FF7-B187-EC7E8CC5F5B8}.AppStore|ARM.ActiveCfg = Debug|Any CPU
		{69AF10D3-AA76-4FF7-B187-EC7E8CC5F5B8}.AppStore|ARM.Build.0 = Debug|Any CPU
		{69AF10D3-AA76-4FF7-B187-EC7E8CC5F5B8}.AppStore|iPhone.ActiveCfg = Debug|Any CPU
		{69AF10D3-AA76-4FF7-B187-EC7E8CC5F5B8}.AppStore|iPhone.Build.0 = Debug|Any CPU
		{69AF10D3-AA76-4FF7-B187-EC7E8CC5F5B8}.AppStore|iPhoneSimulator.ActiveCfg = Debug|Any CPU
		{69AF10D3-AA76-4FF7-B187-EC7E8CC5F5B8}.AppStore|iPhoneSimulator.Build.0 = Debug|Any CPU
		{69AF10D3-AA76-4FF7-B187-EC7E8CC5F5B8}.AppStore|x64.ActiveCfg = Debug|Any CPU
		{69AF10D3-AA76-4FF7-B187-EC7E8CC5F5B8}.AppStore|x64.Build.0 = Debug|Any CPU
		{69AF10D3-AA76-4FF7-B187-EC7E8CC5F5B8}.AppStore|x86.ActiveCfg = Debug|Any CPU
		{69AF10D3-AA76-4FF7-B187-EC7E8CC5F5B8}.AppStore|x86.Build.0 = Debug|Any CPU
		{69AF10D3-AA76-4FF7-B187-EC7E8CC5F5B8}.Debug|Any CPU.ActiveCfg = Debug|Any CPU
		{69AF10D3-AA76-4FF7-B187-EC7E8CC5F5B8}.Debug|Any CPU.Build.0 = Debug|Any CPU
		{69AF10D3-AA76-4FF7-B187-EC7E8CC5F5B8}.Debug|ARM.ActiveCfg = Debug|Any CPU
		{69AF10D3-AA76-4FF7-B187-EC7E8CC5F5B8}.Debug|ARM.Build.0 = Debug|Any CPU
		{69AF10D3-AA76-4FF7-B187-EC7E8CC5F5B8}.Debug|iPhone.ActiveCfg = Debug|Any CPU
		{69AF10D3-AA76-4FF7-B187-EC7E8CC5F5B8}.Debug|iPhone.Build.0 = Debug|Any CPU
		{69AF10D3-AA76-4FF7-B187-EC7E8CC5F5B8}.Debug|iPhoneSimulator.ActiveCfg = Debug|Any CPU
		{69AF10D3-AA76-4FF7-B187-EC7E8CC5F5B8}.Debug|iPhoneSimulator.Build.0 = Debug|Any CPU
		{69AF10D3-AA76-4FF7-B187-EC7E8CC5F5B8}.Debug|x64.ActiveCfg = Debug|Any CPU
		{69AF10D3-AA76-4FF7-B187-EC7E8CC5F5B8}.Debug|x64.Build.0 = Debug|Any CPU
		{69AF10D3-AA76-4FF7-B187-EC7E8CC5F5B8}.Debug|x86.ActiveCfg = Debug|Any CPU
		{69AF10D3-AA76-4FF7-B187-EC7E8CC5F5B8}.Debug|x86.Build.0 = Debug|Any CPU
		{69AF10D3-AA76-4FF7-B187-EC7E8CC5F5B8}.Release|Any CPU.ActiveCfg = Release|Any CPU
		{69AF10D3-AA76-4FF7-B187-EC7E8CC5F5B8}.Release|Any CPU.Build.0 = Release|Any CPU
		{69AF10D3-AA76-4FF7-B187-EC7E8CC5F5B8}.Release|ARM.ActiveCfg = Release|Any CPU
		{69AF10D3-AA76-4FF7-B187-EC7E8CC5F5B8}.Release|ARM.Build.0 = Release|Any CPU
		{69AF10D3-AA76-4FF7-B187-EC7E8CC5F5B8}.Release|iPhone.ActiveCfg = Release|Any CPU
		{69AF10D3-AA76-4FF7-B187-EC7E8CC5F5B8}.Release|iPhone.Build.0 = Release|Any CPU
		{69AF10D3-AA76-4FF7-B187-EC7E8CC5F5B8}.Release|iPhoneSimulator.ActiveCfg = Release|Any CPU
		{69AF10D3-AA76-4FF7-B187-EC7E8CC5F5B8}.Release|iPhoneSimulator.Build.0 = Release|Any CPU
		{69AF10D3-AA76-4FF7-B187-EC7E8CC5F5B8}.Release|x64.ActiveCfg = Release|Any CPU
		{69AF10D3-AA76-4FF7-B187-EC7E8CC5F5B8}.Release|x64.Build.0 = Release|Any CPU
		{69AF10D3-AA76-4FF7-B187-EC7E8CC5F5B8}.Release|x86.ActiveCfg = Release|Any CPU
		{69AF10D3-AA76-4FF7-B187-EC7E8CC5F5B8}.Release|x86.Build.0 = Release|Any CPU
		{15F4B3AA-89B6-4A0D-9051-414305974781}.Ad-Hoc|Any CPU.ActiveCfg = Debug|Any CPU
		{15F4B3AA-89B6-4A0D-9051-414305974781}.Ad-Hoc|Any CPU.Build.0 = Debug|Any CPU
		{15F4B3AA-89B6-4A0D-9051-414305974781}.Ad-Hoc|ARM.ActiveCfg = Debug|Any CPU
		{15F4B3AA-89B6-4A0D-9051-414305974781}.Ad-Hoc|ARM.Build.0 = Debug|Any CPU
		{15F4B3AA-89B6-4A0D-9051-414305974781}.Ad-Hoc|iPhone.ActiveCfg = Debug|Any CPU
		{15F4B3AA-89B6-4A0D-9051-414305974781}.Ad-Hoc|iPhone.Build.0 = Debug|Any CPU
		{15F4B3AA-89B6-4A0D-9051-414305974781}.Ad-Hoc|iPhoneSimulator.ActiveCfg = Debug|Any CPU
		{15F4B3AA-89B6-4A0D-9051-414305974781}.Ad-Hoc|iPhoneSimulator.Build.0 = Debug|Any CPU
		{15F4B3AA-89B6-4A0D-9051-414305974781}.Ad-Hoc|x64.ActiveCfg = Debug|Any CPU
		{15F4B3AA-89B6-4A0D-9051-414305974781}.Ad-Hoc|x64.Build.0 = Debug|Any CPU
		{15F4B3AA-89B6-4A0D-9051-414305974781}.Ad-Hoc|x86.ActiveCfg = Debug|Any CPU
		{15F4B3AA-89B6-4A0D-9051-414305974781}.Ad-Hoc|x86.Build.0 = Debug|Any CPU
		{15F4B3AA-89B6-4A0D-9051-414305974781}.AppStore|Any CPU.ActiveCfg = Debug|Any CPU
		{15F4B3AA-89B6-4A0D-9051-414305974781}.AppStore|Any CPU.Build.0 = Debug|Any CPU
		{15F4B3AA-89B6-4A0D-9051-414305974781}.AppStore|ARM.ActiveCfg = Debug|Any CPU
		{15F4B3AA-89B6-4A0D-9051-414305974781}.AppStore|ARM.Build.0 = Debug|Any CPU
		{15F4B3AA-89B6-4A0D-9051-414305974781}.AppStore|iPhone.ActiveCfg = Debug|Any CPU
		{15F4B3AA-89B6-4A0D-9051-414305974781}.AppStore|iPhone.Build.0 = Debug|Any CPU
		{15F4B3AA-89B6-4A0D-9051-414305974781}.AppStore|iPhoneSimulator.ActiveCfg = Debug|Any CPU
		{15F4B3AA-89B6-4A0D-9051-414305974781}.AppStore|iPhoneSimulator.Build.0 = Debug|Any CPU
		{15F4B3AA-89B6-4A0D-9051-414305974781}.AppStore|x64.ActiveCfg = Debug|Any CPU
		{15F4B3AA-89B6-4A0D-9051-414305974781}.AppStore|x64.Build.0 = Debug|Any CPU
		{15F4B3AA-89B6-4A0D-9051-414305974781}.AppStore|x86.ActiveCfg = Debug|Any CPU
		{15F4B3AA-89B6-4A0D-9051-414305974781}.AppStore|x86.Build.0 = Debug|Any CPU
		{15F4B3AA-89B6-4A0D-9051-414305974781}.Debug|Any CPU.ActiveCfg = Debug|Any CPU
		{15F4B3AA-89B6-4A0D-9051-414305974781}.Debug|Any CPU.Build.0 = Debug|Any CPU
		{15F4B3AA-89B6-4A0D-9051-414305974781}.Debug|ARM.ActiveCfg = Debug|Any CPU
		{15F4B3AA-89B6-4A0D-9051-414305974781}.Debug|ARM.Build.0 = Debug|Any CPU
		{15F4B3AA-89B6-4A0D-9051-414305974781}.Debug|iPhone.ActiveCfg = Debug|Any CPU
		{15F4B3AA-89B6-4A0D-9051-414305974781}.Debug|iPhone.Build.0 = Debug|Any CPU
		{15F4B3AA-89B6-4A0D-9051-414305974781}.Debug|iPhoneSimulator.ActiveCfg = Debug|Any CPU
		{15F4B3AA-89B6-4A0D-9051-414305974781}.Debug|iPhoneSimulator.Build.0 = Debug|Any CPU
		{15F4B3AA-89B6-4A0D-9051-414305974781}.Debug|x64.ActiveCfg = Debug|Any CPU
		{15F4B3AA-89B6-4A0D-9051-414305974781}.Debug|x64.Build.0 = Debug|Any CPU
		{15F4B3AA-89B6-4A0D-9051-414305974781}.Debug|x86.ActiveCfg = Debug|Any CPU
		{15F4B3AA-89B6-4A0D-9051-414305974781}.Debug|x86.Build.0 = Debug|Any CPU
		{15F4B3AA-89B6-4A0D-9051-414305974781}.Release|Any CPU.ActiveCfg = Release|Any CPU
		{15F4B3AA-89B6-4A0D-9051-414305974781}.Release|Any CPU.Build.0 = Release|Any CPU
		{15F4B3AA-89B6-4A0D-9051-414305974781}.Release|ARM.ActiveCfg = Release|Any CPU
		{15F4B3AA-89B6-4A0D-9051-414305974781}.Release|ARM.Build.0 = Release|Any CPU
		{15F4B3AA-89B6-4A0D-9051-414305974781}.Release|iPhone.ActiveCfg = Release|Any CPU
		{15F4B3AA-89B6-4A0D-9051-414305974781}.Release|iPhone.Build.0 = Release|Any CPU
		{15F4B3AA-89B6-4A0D-9051-414305974781}.Release|iPhoneSimulator.ActiveCfg = Release|Any CPU
		{15F4B3AA-89B6-4A0D-9051-414305974781}.Release|iPhoneSimulator.Build.0 = Release|Any CPU
		{15F4B3AA-89B6-4A0D-9051-414305974781}.Release|x64.ActiveCfg = Release|Any CPU
		{15F4B3AA-89B6-4A0D-9051-414305974781}.Release|x64.Build.0 = Release|Any CPU
		{15F4B3AA-89B6-4A0D-9051-414305974781}.Release|x86.ActiveCfg = Release|Any CPU
		{15F4B3AA-89B6-4A0D-9051-414305974781}.Release|x86.Build.0 = Release|Any CPU
		{3F79558C-485D-49E1-BD3E-E12538D3D308}.Ad-Hoc|Any CPU.ActiveCfg = Debug|Any CPU
		{3F79558C-485D-49E1-BD3E-E12538D3D308}.Ad-Hoc|Any CPU.Build.0 = Debug|Any CPU
		{3F79558C-485D-49E1-BD3E-E12538D3D308}.Ad-Hoc|ARM.ActiveCfg = Debug|Any CPU
		{3F79558C-485D-49E1-BD3E-E12538D3D308}.Ad-Hoc|ARM.Build.0 = Debug|Any CPU
		{3F79558C-485D-49E1-BD3E-E12538D3D308}.Ad-Hoc|iPhone.ActiveCfg = Debug|Any CPU
		{3F79558C-485D-49E1-BD3E-E12538D3D308}.Ad-Hoc|iPhone.Build.0 = Debug|Any CPU
		{3F79558C-485D-49E1-BD3E-E12538D3D308}.Ad-Hoc|iPhoneSimulator.ActiveCfg = Debug|Any CPU
		{3F79558C-485D-49E1-BD3E-E12538D3D308}.Ad-Hoc|iPhoneSimulator.Build.0 = Debug|Any CPU
		{3F79558C-485D-49E1-BD3E-E12538D3D308}.Ad-Hoc|x64.ActiveCfg = Debug|Any CPU
		{3F79558C-485D-49E1-BD3E-E12538D3D308}.Ad-Hoc|x64.Build.0 = Debug|Any CPU
		{3F79558C-485D-49E1-BD3E-E12538D3D308}.Ad-Hoc|x86.ActiveCfg = Debug|Any CPU
		{3F79558C-485D-49E1-BD3E-E12538D3D308}.Ad-Hoc|x86.Build.0 = Debug|Any CPU
		{3F79558C-485D-49E1-BD3E-E12538D3D308}.AppStore|Any CPU.ActiveCfg = Debug|Any CPU
		{3F79558C-485D-49E1-BD3E-E12538D3D308}.AppStore|Any CPU.Build.0 = Debug|Any CPU
		{3F79558C-485D-49E1-BD3E-E12538D3D308}.AppStore|ARM.ActiveCfg = Debug|Any CPU
		{3F79558C-485D-49E1-BD3E-E12538D3D308}.AppStore|ARM.Build.0 = Debug|Any CPU
		{3F79558C-485D-49E1-BD3E-E12538D3D308}.AppStore|iPhone.ActiveCfg = Debug|Any CPU
		{3F79558C-485D-49E1-BD3E-E12538D3D308}.AppStore|iPhone.Build.0 = Debug|Any CPU
		{3F79558C-485D-49E1-BD3E-E12538D3D308}.AppStore|iPhoneSimulator.ActiveCfg = Debug|Any CPU
		{3F79558C-485D-49E1-BD3E-E12538D3D308}.AppStore|iPhoneSimulator.Build.0 = Debug|Any CPU
		{3F79558C-485D-49E1-BD3E-E12538D3D308}.AppStore|x64.ActiveCfg = Debug|Any CPU
		{3F79558C-485D-49E1-BD3E-E12538D3D308}.AppStore|x64.Build.0 = Debug|Any CPU
		{3F79558C-485D-49E1-BD3E-E12538D3D308}.AppStore|x86.ActiveCfg = Debug|Any CPU
		{3F79558C-485D-49E1-BD3E-E12538D3D308}.AppStore|x86.Build.0 = Debug|Any CPU
		{3F79558C-485D-49E1-BD3E-E12538D3D308}.Debug|Any CPU.ActiveCfg = Debug|Any CPU
		{3F79558C-485D-49E1-BD3E-E12538D3D308}.Debug|Any CPU.Build.0 = Debug|Any CPU
		{3F79558C-485D-49E1-BD3E-E12538D3D308}.Debug|ARM.ActiveCfg = Debug|Any CPU
		{3F79558C-485D-49E1-BD3E-E12538D3D308}.Debug|ARM.Build.0 = Debug|Any CPU
		{3F79558C-485D-49E1-BD3E-E12538D3D308}.Debug|iPhone.ActiveCfg = Debug|Any CPU
		{3F79558C-485D-49E1-BD3E-E12538D3D308}.Debug|iPhone.Build.0 = Debug|Any CPU
		{3F79558C-485D-49E1-BD3E-E12538D3D308}.Debug|iPhoneSimulator.ActiveCfg = Debug|Any CPU
		{3F79558C-485D-49E1-BD3E-E12538D3D308}.Debug|iPhoneSimulator.Build.0 = Debug|Any CPU
		{3F79558C-485D-49E1-BD3E-E12538D3D308}.Debug|x64.ActiveCfg = Debug|Any CPU
		{3F79558C-485D-49E1-BD3E-E12538D3D308}.Debug|x64.Build.0 = Debug|Any CPU
		{3F79558C-485D-49E1-BD3E-E12538D3D308}.Debug|x86.ActiveCfg = Debug|Any CPU
		{3F79558C-485D-49E1-BD3E-E12538D3D308}.Debug|x86.Build.0 = Debug|Any CPU
		{3F79558C-485D-49E1-BD3E-E12538D3D308}.Release|Any CPU.ActiveCfg = Release|Any CPU
		{3F79558C-485D-49E1-BD3E-E12538D3D308}.Release|Any CPU.Build.0 = Release|Any CPU
		{3F79558C-485D-49E1-BD3E-E12538D3D308}.Release|ARM.ActiveCfg = Release|Any CPU
		{3F79558C-485D-49E1-BD3E-E12538D3D308}.Release|ARM.Build.0 = Release|Any CPU
		{3F79558C-485D-49E1-BD3E-E12538D3D308}.Release|iPhone.ActiveCfg = Release|Any CPU
		{3F79558C-485D-49E1-BD3E-E12538D3D308}.Release|iPhone.Build.0 = Release|Any CPU
		{3F79558C-485D-49E1-BD3E-E12538D3D308}.Release|iPhoneSimulator.ActiveCfg = Release|Any CPU
		{3F79558C-485D-49E1-BD3E-E12538D3D308}.Release|iPhoneSimulator.Build.0 = Release|Any CPU
		{3F79558C-485D-49E1-BD3E-E12538D3D308}.Release|x64.ActiveCfg = Release|Any CPU
		{3F79558C-485D-49E1-BD3E-E12538D3D308}.Release|x64.Build.0 = Release|Any CPU
		{3F79558C-485D-49E1-BD3E-E12538D3D308}.Release|x86.ActiveCfg = Release|Any CPU
		{3F79558C-485D-49E1-BD3E-E12538D3D308}.Release|x86.Build.0 = Release|Any CPU
		{56C2EF0B-6BF2-41D9-BE07-6E6D08D06B35}.Ad-Hoc|Any CPU.ActiveCfg = Debug|Any CPU
		{56C2EF0B-6BF2-41D9-BE07-6E6D08D06B35}.Ad-Hoc|Any CPU.Build.0 = Debug|Any CPU
		{56C2EF0B-6BF2-41D9-BE07-6E6D08D06B35}.Ad-Hoc|ARM.ActiveCfg = Debug|Any CPU
		{56C2EF0B-6BF2-41D9-BE07-6E6D08D06B35}.Ad-Hoc|ARM.Build.0 = Debug|Any CPU
		{56C2EF0B-6BF2-41D9-BE07-6E6D08D06B35}.Ad-Hoc|iPhone.ActiveCfg = Debug|Any CPU
		{56C2EF0B-6BF2-41D9-BE07-6E6D08D06B35}.Ad-Hoc|iPhone.Build.0 = Debug|Any CPU
		{56C2EF0B-6BF2-41D9-BE07-6E6D08D06B35}.Ad-Hoc|iPhoneSimulator.ActiveCfg = Debug|Any CPU
		{56C2EF0B-6BF2-41D9-BE07-6E6D08D06B35}.Ad-Hoc|iPhoneSimulator.Build.0 = Debug|Any CPU
		{56C2EF0B-6BF2-41D9-BE07-6E6D08D06B35}.Ad-Hoc|x64.ActiveCfg = Debug|Any CPU
		{56C2EF0B-6BF2-41D9-BE07-6E6D08D06B35}.Ad-Hoc|x64.Build.0 = Debug|Any CPU
		{56C2EF0B-6BF2-41D9-BE07-6E6D08D06B35}.Ad-Hoc|x86.ActiveCfg = Debug|Any CPU
		{56C2EF0B-6BF2-41D9-BE07-6E6D08D06B35}.Ad-Hoc|x86.Build.0 = Debug|Any CPU
		{56C2EF0B-6BF2-41D9-BE07-6E6D08D06B35}.AppStore|Any CPU.ActiveCfg = Debug|Any CPU
		{56C2EF0B-6BF2-41D9-BE07-6E6D08D06B35}.AppStore|Any CPU.Build.0 = Debug|Any CPU
		{56C2EF0B-6BF2-41D9-BE07-6E6D08D06B35}.AppStore|ARM.ActiveCfg = Debug|Any CPU
		{56C2EF0B-6BF2-41D9-BE07-6E6D08D06B35}.AppStore|ARM.Build.0 = Debug|Any CPU
		{56C2EF0B-6BF2-41D9-BE07-6E6D08D06B35}.AppStore|iPhone.ActiveCfg = Debug|Any CPU
		{56C2EF0B-6BF2-41D9-BE07-6E6D08D06B35}.AppStore|iPhone.Build.0 = Debug|Any CPU
		{56C2EF0B-6BF2-41D9-BE07-6E6D08D06B35}.AppStore|iPhoneSimulator.ActiveCfg = Debug|Any CPU
		{56C2EF0B-6BF2-41D9-BE07-6E6D08D06B35}.AppStore|iPhoneSimulator.Build.0 = Debug|Any CPU
		{56C2EF0B-6BF2-41D9-BE07-6E6D08D06B35}.AppStore|x64.ActiveCfg = Debug|Any CPU
		{56C2EF0B-6BF2-41D9-BE07-6E6D08D06B35}.AppStore|x64.Build.0 = Debug|Any CPU
		{56C2EF0B-6BF2-41D9-BE07-6E6D08D06B35}.AppStore|x86.ActiveCfg = Debug|Any CPU
		{56C2EF0B-6BF2-41D9-BE07-6E6D08D06B35}.AppStore|x86.Build.0 = Debug|Any CPU
		{56C2EF0B-6BF2-41D9-BE07-6E6D08D06B35}.Debug|Any CPU.ActiveCfg = Debug|Any CPU
		{56C2EF0B-6BF2-41D9-BE07-6E6D08D06B35}.Debug|Any CPU.Build.0 = Debug|Any CPU
		{56C2EF0B-6BF2-41D9-BE07-6E6D08D06B35}.Debug|ARM.ActiveCfg = Debug|Any CPU
		{56C2EF0B-6BF2-41D9-BE07-6E6D08D06B35}.Debug|ARM.Build.0 = Debug|Any CPU
		{56C2EF0B-6BF2-41D9-BE07-6E6D08D06B35}.Debug|iPhone.ActiveCfg = Debug|Any CPU
		{56C2EF0B-6BF2-41D9-BE07-6E6D08D06B35}.Debug|iPhone.Build.0 = Debug|Any CPU
		{56C2EF0B-6BF2-41D9-BE07-6E6D08D06B35}.Debug|iPhoneSimulator.ActiveCfg = Debug|Any CPU
		{56C2EF0B-6BF2-41D9-BE07-6E6D08D06B35}.Debug|iPhoneSimulator.Build.0 = Debug|Any CPU
		{56C2EF0B-6BF2-41D9-BE07-6E6D08D06B35}.Debug|x64.ActiveCfg = Debug|Any CPU
		{56C2EF0B-6BF2-41D9-BE07-6E6D08D06B35}.Debug|x64.Build.0 = Debug|Any CPU
		{56C2EF0B-6BF2-41D9-BE07-6E6D08D06B35}.Debug|x86.ActiveCfg = Debug|Any CPU
		{56C2EF0B-6BF2-41D9-BE07-6E6D08D06B35}.Debug|x86.Build.0 = Debug|Any CPU
		{56C2EF0B-6BF2-41D9-BE07-6E6D08D06B35}.Release|Any CPU.ActiveCfg = Release|Any CPU
		{56C2EF0B-6BF2-41D9-BE07-6E6D08D06B35}.Release|Any CPU.Build.0 = Release|Any CPU
		{56C2EF0B-6BF2-41D9-BE07-6E6D08D06B35}.Release|ARM.ActiveCfg = Release|Any CPU
		{56C2EF0B-6BF2-41D9-BE07-6E6D08D06B35}.Release|ARM.Build.0 = Release|Any CPU
		{56C2EF0B-6BF2-41D9-BE07-6E6D08D06B35}.Release|iPhone.ActiveCfg = Release|Any CPU
		{56C2EF0B-6BF2-41D9-BE07-6E6D08D06B35}.Release|iPhone.Build.0 = Release|Any CPU
		{56C2EF0B-6BF2-41D9-BE07-6E6D08D06B35}.Release|iPhoneSimulator.ActiveCfg = Release|Any CPU
		{56C2EF0B-6BF2-41D9-BE07-6E6D08D06B35}.Release|iPhoneSimulator.Build.0 = Release|Any CPU
		{56C2EF0B-6BF2-41D9-BE07-6E6D08D06B35}.Release|x64.ActiveCfg = Release|Any CPU
		{56C2EF0B-6BF2-41D9-BE07-6E6D08D06B35}.Release|x64.Build.0 = Release|Any CPU
		{56C2EF0B-6BF2-41D9-BE07-6E6D08D06B35}.Release|x86.ActiveCfg = Release|Any CPU
		{56C2EF0B-6BF2-41D9-BE07-6E6D08D06B35}.Release|x86.Build.0 = Release|Any CPU
		{9E0EFD03-7BC5-4D9F-BF22-058A8B7B820B}.Ad-Hoc|Any CPU.ActiveCfg = Release|Any CPU
		{9E0EFD03-7BC5-4D9F-BF22-058A8B7B820B}.Ad-Hoc|Any CPU.Build.0 = Release|Any CPU
		{9E0EFD03-7BC5-4D9F-BF22-058A8B7B820B}.Ad-Hoc|ARM.ActiveCfg = Release|Any CPU
		{9E0EFD03-7BC5-4D9F-BF22-058A8B7B820B}.Ad-Hoc|ARM.Build.0 = Release|Any CPU
		{9E0EFD03-7BC5-4D9F-BF22-058A8B7B820B}.Ad-Hoc|iPhone.ActiveCfg = Release|Any CPU
		{9E0EFD03-7BC5-4D9F-BF22-058A8B7B820B}.Ad-Hoc|iPhone.Build.0 = Release|Any CPU
		{9E0EFD03-7BC5-4D9F-BF22-058A8B7B820B}.Ad-Hoc|iPhoneSimulator.ActiveCfg = Release|Any CPU
		{9E0EFD03-7BC5-4D9F-BF22-058A8B7B820B}.Ad-Hoc|iPhoneSimulator.Build.0 = Release|Any CPU
		{9E0EFD03-7BC5-4D9F-BF22-058A8B7B820B}.Ad-Hoc|x64.ActiveCfg = Release|Any CPU
		{9E0EFD03-7BC5-4D9F-BF22-058A8B7B820B}.Ad-Hoc|x64.Build.0 = Release|Any CPU
		{9E0EFD03-7BC5-4D9F-BF22-058A8B7B820B}.Ad-Hoc|x86.ActiveCfg = Release|Any CPU
		{9E0EFD03-7BC5-4D9F-BF22-058A8B7B820B}.Ad-Hoc|x86.Build.0 = Release|Any CPU
		{9E0EFD03-7BC5-4D9F-BF22-058A8B7B820B}.AppStore|Any CPU.ActiveCfg = Release|Any CPU
		{9E0EFD03-7BC5-4D9F-BF22-058A8B7B820B}.AppStore|Any CPU.Build.0 = Release|Any CPU
		{9E0EFD03-7BC5-4D9F-BF22-058A8B7B820B}.AppStore|ARM.ActiveCfg = Release|Any CPU
		{9E0EFD03-7BC5-4D9F-BF22-058A8B7B820B}.AppStore|ARM.Build.0 = Release|Any CPU
		{9E0EFD03-7BC5-4D9F-BF22-058A8B7B820B}.AppStore|iPhone.ActiveCfg = Release|Any CPU
		{9E0EFD03-7BC5-4D9F-BF22-058A8B7B820B}.AppStore|iPhone.Build.0 = Release|Any CPU
		{9E0EFD03-7BC5-4D9F-BF22-058A8B7B820B}.AppStore|iPhoneSimulator.ActiveCfg = Release|Any CPU
		{9E0EFD03-7BC5-4D9F-BF22-058A8B7B820B}.AppStore|iPhoneSimulator.Build.0 = Release|Any CPU
		{9E0EFD03-7BC5-4D9F-BF22-058A8B7B820B}.AppStore|x64.ActiveCfg = Release|Any CPU
		{9E0EFD03-7BC5-4D9F-BF22-058A8B7B820B}.AppStore|x64.Build.0 = Release|Any CPU
		{9E0EFD03-7BC5-4D9F-BF22-058A8B7B820B}.AppStore|x86.ActiveCfg = Release|Any CPU
		{9E0EFD03-7BC5-4D9F-BF22-058A8B7B820B}.AppStore|x86.Build.0 = Release|Any CPU
		{9E0EFD03-7BC5-4D9F-BF22-058A8B7B820B}.Debug|Any CPU.ActiveCfg = Debug|Any CPU
		{9E0EFD03-7BC5-4D9F-BF22-058A8B7B820B}.Debug|Any CPU.Build.0 = Debug|Any CPU
		{9E0EFD03-7BC5-4D9F-BF22-058A8B7B820B}.Debug|ARM.ActiveCfg = Debug|Any CPU
		{9E0EFD03-7BC5-4D9F-BF22-058A8B7B820B}.Debug|ARM.Build.0 = Debug|Any CPU
		{9E0EFD03-7BC5-4D9F-BF22-058A8B7B820B}.Debug|iPhone.ActiveCfg = Debug|Any CPU
		{9E0EFD03-7BC5-4D9F-BF22-058A8B7B820B}.Debug|iPhone.Build.0 = Debug|Any CPU
		{9E0EFD03-7BC5-4D9F-BF22-058A8B7B820B}.Debug|iPhoneSimulator.ActiveCfg = Debug|Any CPU
		{9E0EFD03-7BC5-4D9F-BF22-058A8B7B820B}.Debug|iPhoneSimulator.Build.0 = Debug|Any CPU
		{9E0EFD03-7BC5-4D9F-BF22-058A8B7B820B}.Debug|x64.ActiveCfg = Debug|Any CPU
		{9E0EFD03-7BC5-4D9F-BF22-058A8B7B820B}.Debug|x64.Build.0 = Debug|Any CPU
		{9E0EFD03-7BC5-4D9F-BF22-058A8B7B820B}.Debug|x86.ActiveCfg = Debug|Any CPU
		{9E0EFD03-7BC5-4D9F-BF22-058A8B7B820B}.Debug|x86.Build.0 = Debug|Any CPU
		{9E0EFD03-7BC5-4D9F-BF22-058A8B7B820B}.Release|Any CPU.ActiveCfg = Release|Any CPU
		{9E0EFD03-7BC5-4D9F-BF22-058A8B7B820B}.Release|Any CPU.Build.0 = Release|Any CPU
		{9E0EFD03-7BC5-4D9F-BF22-058A8B7B820B}.Release|ARM.ActiveCfg = Release|Any CPU
		{9E0EFD03-7BC5-4D9F-BF22-058A8B7B820B}.Release|ARM.Build.0 = Release|Any CPU
		{9E0EFD03-7BC5-4D9F-BF22-058A8B7B820B}.Release|iPhone.ActiveCfg = Release|Any CPU
		{9E0EFD03-7BC5-4D9F-BF22-058A8B7B820B}.Release|iPhone.Build.0 = Release|Any CPU
		{9E0EFD03-7BC5-4D9F-BF22-058A8B7B820B}.Release|iPhoneSimulator.ActiveCfg = Release|Any CPU
		{9E0EFD03-7BC5-4D9F-BF22-058A8B7B820B}.Release|iPhoneSimulator.Build.0 = Release|Any CPU
		{9E0EFD03-7BC5-4D9F-BF22-058A8B7B820B}.Release|x64.ActiveCfg = Release|Any CPU
		{9E0EFD03-7BC5-4D9F-BF22-058A8B7B820B}.Release|x64.Build.0 = Release|Any CPU
		{9E0EFD03-7BC5-4D9F-BF22-058A8B7B820B}.Release|x86.ActiveCfg = Release|Any CPU
		{9E0EFD03-7BC5-4D9F-BF22-058A8B7B820B}.Release|x86.Build.0 = Release|Any CPU
		{7D2AFFF7-990A-4B15-8E01-437261F12F5C}.Ad-Hoc|Any CPU.ActiveCfg = Release|Any CPU
		{7D2AFFF7-990A-4B15-8E01-437261F12F5C}.Ad-Hoc|Any CPU.Build.0 = Release|Any CPU
		{7D2AFFF7-990A-4B15-8E01-437261F12F5C}.Ad-Hoc|ARM.ActiveCfg = Release|Any CPU
		{7D2AFFF7-990A-4B15-8E01-437261F12F5C}.Ad-Hoc|ARM.Build.0 = Release|Any CPU
		{7D2AFFF7-990A-4B15-8E01-437261F12F5C}.Ad-Hoc|iPhone.ActiveCfg = Release|Any CPU
		{7D2AFFF7-990A-4B15-8E01-437261F12F5C}.Ad-Hoc|iPhone.Build.0 = Release|Any CPU
		{7D2AFFF7-990A-4B15-8E01-437261F12F5C}.Ad-Hoc|iPhoneSimulator.ActiveCfg = Release|Any CPU
		{7D2AFFF7-990A-4B15-8E01-437261F12F5C}.Ad-Hoc|iPhoneSimulator.Build.0 = Release|Any CPU
		{7D2AFFF7-990A-4B15-8E01-437261F12F5C}.Ad-Hoc|x64.ActiveCfg = Release|Any CPU
		{7D2AFFF7-990A-4B15-8E01-437261F12F5C}.Ad-Hoc|x64.Build.0 = Release|Any CPU
		{7D2AFFF7-990A-4B15-8E01-437261F12F5C}.Ad-Hoc|x86.ActiveCfg = Release|Any CPU
		{7D2AFFF7-990A-4B15-8E01-437261F12F5C}.Ad-Hoc|x86.Build.0 = Release|Any CPU
		{7D2AFFF7-990A-4B15-8E01-437261F12F5C}.AppStore|Any CPU.ActiveCfg = Release|Any CPU
		{7D2AFFF7-990A-4B15-8E01-437261F12F5C}.AppStore|Any CPU.Build.0 = Release|Any CPU
		{7D2AFFF7-990A-4B15-8E01-437261F12F5C}.AppStore|ARM.ActiveCfg = Release|Any CPU
		{7D2AFFF7-990A-4B15-8E01-437261F12F5C}.AppStore|ARM.Build.0 = Release|Any CPU
		{7D2AFFF7-990A-4B15-8E01-437261F12F5C}.AppStore|iPhone.ActiveCfg = Release|Any CPU
		{7D2AFFF7-990A-4B15-8E01-437261F12F5C}.AppStore|iPhone.Build.0 = Release|Any CPU
		{7D2AFFF7-990A-4B15-8E01-437261F12F5C}.AppStore|iPhoneSimulator.ActiveCfg = Release|Any CPU
		{7D2AFFF7-990A-4B15-8E01-437261F12F5C}.AppStore|iPhoneSimulator.Build.0 = Release|Any CPU
		{7D2AFFF7-990A-4B15-8E01-437261F12F5C}.AppStore|x64.ActiveCfg = Release|Any CPU
		{7D2AFFF7-990A-4B15-8E01-437261F12F5C}.AppStore|x64.Build.0 = Release|Any CPU
		{7D2AFFF7-990A-4B15-8E01-437261F12F5C}.AppStore|x86.ActiveCfg = Release|Any CPU
		{7D2AFFF7-990A-4B15-8E01-437261F12F5C}.AppStore|x86.Build.0 = Release|Any CPU
		{7D2AFFF7-990A-4B15-8E01-437261F12F5C}.Debug|Any CPU.ActiveCfg = Debug|Any CPU
		{7D2AFFF7-990A-4B15-8E01-437261F12F5C}.Debug|Any CPU.Build.0 = Debug|Any CPU
		{7D2AFFF7-990A-4B15-8E01-437261F12F5C}.Debug|ARM.ActiveCfg = Debug|Any CPU
		{7D2AFFF7-990A-4B15-8E01-437261F12F5C}.Debug|ARM.Build.0 = Debug|Any CPU
		{7D2AFFF7-990A-4B15-8E01-437261F12F5C}.Debug|iPhone.ActiveCfg = Debug|Any CPU
		{7D2AFFF7-990A-4B15-8E01-437261F12F5C}.Debug|iPhone.Build.0 = Debug|Any CPU
		{7D2AFFF7-990A-4B15-8E01-437261F12F5C}.Debug|iPhoneSimulator.ActiveCfg = Debug|Any CPU
		{7D2AFFF7-990A-4B15-8E01-437261F12F5C}.Debug|iPhoneSimulator.Build.0 = Debug|Any CPU
		{7D2AFFF7-990A-4B15-8E01-437261F12F5C}.Debug|x64.ActiveCfg = Debug|Any CPU
		{7D2AFFF7-990A-4B15-8E01-437261F12F5C}.Debug|x64.Build.0 = Debug|Any CPU
		{7D2AFFF7-990A-4B15-8E01-437261F12F5C}.Debug|x86.ActiveCfg = Debug|Any CPU
		{7D2AFFF7-990A-4B15-8E01-437261F12F5C}.Debug|x86.Build.0 = Debug|Any CPU
		{7D2AFFF7-990A-4B15-8E01-437261F12F5C}.Release|Any CPU.ActiveCfg = Release|Any CPU
		{7D2AFFF7-990A-4B15-8E01-437261F12F5C}.Release|Any CPU.Build.0 = Release|Any CPU
		{7D2AFFF7-990A-4B15-8E01-437261F12F5C}.Release|ARM.ActiveCfg = Release|Any CPU
		{7D2AFFF7-990A-4B15-8E01-437261F12F5C}.Release|ARM.Build.0 = Release|Any CPU
		{7D2AFFF7-990A-4B15-8E01-437261F12F5C}.Release|iPhone.ActiveCfg = Release|Any CPU
		{7D2AFFF7-990A-4B15-8E01-437261F12F5C}.Release|iPhone.Build.0 = Release|Any CPU
		{7D2AFFF7-990A-4B15-8E01-437261F12F5C}.Release|iPhoneSimulator.ActiveCfg = Release|Any CPU
		{7D2AFFF7-990A-4B15-8E01-437261F12F5C}.Release|iPhoneSimulator.Build.0 = Release|Any CPU
		{7D2AFFF7-990A-4B15-8E01-437261F12F5C}.Release|x64.ActiveCfg = Release|Any CPU
		{7D2AFFF7-990A-4B15-8E01-437261F12F5C}.Release|x64.Build.0 = Release|Any CPU
		{7D2AFFF7-990A-4B15-8E01-437261F12F5C}.Release|x86.ActiveCfg = Release|Any CPU
		{7D2AFFF7-990A-4B15-8E01-437261F12F5C}.Release|x86.Build.0 = Release|Any CPU
		{9EFBF2B2-EB6B-4FDE-8797-9436208ADA8D}.Ad-Hoc|Any CPU.ActiveCfg = Release|Any CPU
		{9EFBF2B2-EB6B-4FDE-8797-9436208ADA8D}.Ad-Hoc|Any CPU.Build.0 = Release|Any CPU
		{9EFBF2B2-EB6B-4FDE-8797-9436208ADA8D}.Ad-Hoc|ARM.ActiveCfg = Release|Any CPU
		{9EFBF2B2-EB6B-4FDE-8797-9436208ADA8D}.Ad-Hoc|ARM.Build.0 = Release|Any CPU
		{9EFBF2B2-EB6B-4FDE-8797-9436208ADA8D}.Ad-Hoc|iPhone.ActiveCfg = Release|Any CPU
		{9EFBF2B2-EB6B-4FDE-8797-9436208ADA8D}.Ad-Hoc|iPhone.Build.0 = Release|Any CPU
		{9EFBF2B2-EB6B-4FDE-8797-9436208ADA8D}.Ad-Hoc|iPhoneSimulator.ActiveCfg = Release|Any CPU
		{9EFBF2B2-EB6B-4FDE-8797-9436208ADA8D}.Ad-Hoc|iPhoneSimulator.Build.0 = Release|Any CPU
		{9EFBF2B2-EB6B-4FDE-8797-9436208ADA8D}.Ad-Hoc|x64.ActiveCfg = Release|Any CPU
		{9EFBF2B2-EB6B-4FDE-8797-9436208ADA8D}.Ad-Hoc|x64.Build.0 = Release|Any CPU
		{9EFBF2B2-EB6B-4FDE-8797-9436208ADA8D}.Ad-Hoc|x86.ActiveCfg = Release|Any CPU
		{9EFBF2B2-EB6B-4FDE-8797-9436208ADA8D}.Ad-Hoc|x86.Build.0 = Release|Any CPU
		{9EFBF2B2-EB6B-4FDE-8797-9436208ADA8D}.AppStore|Any CPU.ActiveCfg = Release|Any CPU
		{9EFBF2B2-EB6B-4FDE-8797-9436208ADA8D}.AppStore|Any CPU.Build.0 = Release|Any CPU
		{9EFBF2B2-EB6B-4FDE-8797-9436208ADA8D}.AppStore|ARM.ActiveCfg = Release|Any CPU
		{9EFBF2B2-EB6B-4FDE-8797-9436208ADA8D}.AppStore|ARM.Build.0 = Release|Any CPU
		{9EFBF2B2-EB6B-4FDE-8797-9436208ADA8D}.AppStore|iPhone.ActiveCfg = Release|Any CPU
		{9EFBF2B2-EB6B-4FDE-8797-9436208ADA8D}.AppStore|iPhone.Build.0 = Release|Any CPU
		{9EFBF2B2-EB6B-4FDE-8797-9436208ADA8D}.AppStore|iPhoneSimulator.ActiveCfg = Release|Any CPU
		{9EFBF2B2-EB6B-4FDE-8797-9436208ADA8D}.AppStore|iPhoneSimulator.Build.0 = Release|Any CPU
		{9EFBF2B2-EB6B-4FDE-8797-9436208ADA8D}.AppStore|x64.ActiveCfg = Release|Any CPU
		{9EFBF2B2-EB6B-4FDE-8797-9436208ADA8D}.AppStore|x64.Build.0 = Release|Any CPU
		{9EFBF2B2-EB6B-4FDE-8797-9436208ADA8D}.AppStore|x86.ActiveCfg = Release|Any CPU
		{9EFBF2B2-EB6B-4FDE-8797-9436208ADA8D}.AppStore|x86.Build.0 = Release|Any CPU
		{9EFBF2B2-EB6B-4FDE-8797-9436208ADA8D}.Debug|Any CPU.ActiveCfg = Debug|Any CPU
		{9EFBF2B2-EB6B-4FDE-8797-9436208ADA8D}.Debug|Any CPU.Build.0 = Debug|Any CPU
		{9EFBF2B2-EB6B-4FDE-8797-9436208ADA8D}.Debug|ARM.ActiveCfg = Debug|Any CPU
		{9EFBF2B2-EB6B-4FDE-8797-9436208ADA8D}.Debug|ARM.Build.0 = Debug|Any CPU
		{9EFBF2B2-EB6B-4FDE-8797-9436208ADA8D}.Debug|iPhone.ActiveCfg = Debug|Any CPU
		{9EFBF2B2-EB6B-4FDE-8797-9436208ADA8D}.Debug|iPhone.Build.0 = Debug|Any CPU
		{9EFBF2B2-EB6B-4FDE-8797-9436208ADA8D}.Debug|iPhoneSimulator.ActiveCfg = Debug|Any CPU
		{9EFBF2B2-EB6B-4FDE-8797-9436208ADA8D}.Debug|iPhoneSimulator.Build.0 = Debug|Any CPU
		{9EFBF2B2-EB6B-4FDE-8797-9436208ADA8D}.Debug|x64.ActiveCfg = Debug|Any CPU
		{9EFBF2B2-EB6B-4FDE-8797-9436208ADA8D}.Debug|x64.Build.0 = Debug|Any CPU
		{9EFBF2B2-EB6B-4FDE-8797-9436208ADA8D}.Debug|x86.ActiveCfg = Debug|Any CPU
		{9EFBF2B2-EB6B-4FDE-8797-9436208ADA8D}.Debug|x86.Build.0 = Debug|Any CPU
		{9EFBF2B2-EB6B-4FDE-8797-9436208ADA8D}.Release|Any CPU.ActiveCfg = Release|Any CPU
		{9EFBF2B2-EB6B-4FDE-8797-9436208ADA8D}.Release|Any CPU.Build.0 = Release|Any CPU
		{9EFBF2B2-EB6B-4FDE-8797-9436208ADA8D}.Release|ARM.ActiveCfg = Release|Any CPU
		{9EFBF2B2-EB6B-4FDE-8797-9436208ADA8D}.Release|ARM.Build.0 = Release|Any CPU
		{9EFBF2B2-EB6B-4FDE-8797-9436208ADA8D}.Release|iPhone.ActiveCfg = Release|Any CPU
		{9EFBF2B2-EB6B-4FDE-8797-9436208ADA8D}.Release|iPhone.Build.0 = Release|Any CPU
		{9EFBF2B2-EB6B-4FDE-8797-9436208ADA8D}.Release|iPhoneSimulator.ActiveCfg = Release|Any CPU
		{9EFBF2B2-EB6B-4FDE-8797-9436208ADA8D}.Release|iPhoneSimulator.Build.0 = Release|Any CPU
		{9EFBF2B2-EB6B-4FDE-8797-9436208ADA8D}.Release|x64.ActiveCfg = Release|Any CPU
		{9EFBF2B2-EB6B-4FDE-8797-9436208ADA8D}.Release|x64.Build.0 = Release|Any CPU
		{9EFBF2B2-EB6B-4FDE-8797-9436208ADA8D}.Release|x86.ActiveCfg = Release|Any CPU
		{9EFBF2B2-EB6B-4FDE-8797-9436208ADA8D}.Release|x86.Build.0 = Release|Any CPU
		{CF701FB2-3706-4A47-AADA-E2116B58C576}.Ad-Hoc|Any CPU.ActiveCfg = Release|Any CPU
		{CF701FB2-3706-4A47-AADA-E2116B58C576}.Ad-Hoc|Any CPU.Build.0 = Release|Any CPU
		{CF701FB2-3706-4A47-AADA-E2116B58C576}.Ad-Hoc|ARM.ActiveCfg = Release|Any CPU
		{CF701FB2-3706-4A47-AADA-E2116B58C576}.Ad-Hoc|ARM.Build.0 = Release|Any CPU
		{CF701FB2-3706-4A47-AADA-E2116B58C576}.Ad-Hoc|iPhone.ActiveCfg = Release|Any CPU
		{CF701FB2-3706-4A47-AADA-E2116B58C576}.Ad-Hoc|iPhone.Build.0 = Release|Any CPU
		{CF701FB2-3706-4A47-AADA-E2116B58C576}.Ad-Hoc|iPhoneSimulator.ActiveCfg = Release|Any CPU
		{CF701FB2-3706-4A47-AADA-E2116B58C576}.Ad-Hoc|iPhoneSimulator.Build.0 = Release|Any CPU
		{CF701FB2-3706-4A47-AADA-E2116B58C576}.Ad-Hoc|x64.ActiveCfg = Release|Any CPU
		{CF701FB2-3706-4A47-AADA-E2116B58C576}.Ad-Hoc|x64.Build.0 = Release|Any CPU
		{CF701FB2-3706-4A47-AADA-E2116B58C576}.Ad-Hoc|x86.ActiveCfg = Release|Any CPU
		{CF701FB2-3706-4A47-AADA-E2116B58C576}.Ad-Hoc|x86.Build.0 = Release|Any CPU
		{CF701FB2-3706-4A47-AADA-E2116B58C576}.AppStore|Any CPU.ActiveCfg = Release|Any CPU
		{CF701FB2-3706-4A47-AADA-E2116B58C576}.AppStore|Any CPU.Build.0 = Release|Any CPU
		{CF701FB2-3706-4A47-AADA-E2116B58C576}.AppStore|ARM.ActiveCfg = Release|Any CPU
		{CF701FB2-3706-4A47-AADA-E2116B58C576}.AppStore|ARM.Build.0 = Release|Any CPU
		{CF701FB2-3706-4A47-AADA-E2116B58C576}.AppStore|iPhone.ActiveCfg = Release|Any CPU
		{CF701FB2-3706-4A47-AADA-E2116B58C576}.AppStore|iPhone.Build.0 = Release|Any CPU
		{CF701FB2-3706-4A47-AADA-E2116B58C576}.AppStore|iPhoneSimulator.ActiveCfg = Release|Any CPU
		{CF701FB2-3706-4A47-AADA-E2116B58C576}.AppStore|iPhoneSimulator.Build.0 = Release|Any CPU
		{CF701FB2-3706-4A47-AADA-E2116B58C576}.AppStore|x64.ActiveCfg = Release|Any CPU
		{CF701FB2-3706-4A47-AADA-E2116B58C576}.AppStore|x64.Build.0 = Release|Any CPU
		{CF701FB2-3706-4A47-AADA-E2116B58C576}.AppStore|x86.ActiveCfg = Release|Any CPU
		{CF701FB2-3706-4A47-AADA-E2116B58C576}.AppStore|x86.Build.0 = Release|Any CPU
		{CF701FB2-3706-4A47-AADA-E2116B58C576}.Debug|Any CPU.ActiveCfg = Debug|Any CPU
		{CF701FB2-3706-4A47-AADA-E2116B58C576}.Debug|Any CPU.Build.0 = Debug|Any CPU
		{CF701FB2-3706-4A47-AADA-E2116B58C576}.Debug|ARM.ActiveCfg = Debug|Any CPU
		{CF701FB2-3706-4A47-AADA-E2116B58C576}.Debug|ARM.Build.0 = Debug|Any CPU
		{CF701FB2-3706-4A47-AADA-E2116B58C576}.Debug|iPhone.ActiveCfg = Debug|Any CPU
		{CF701FB2-3706-4A47-AADA-E2116B58C576}.Debug|iPhone.Build.0 = Debug|Any CPU
		{CF701FB2-3706-4A47-AADA-E2116B58C576}.Debug|iPhoneSimulator.ActiveCfg = Debug|Any CPU
		{CF701FB2-3706-4A47-AADA-E2116B58C576}.Debug|iPhoneSimulator.Build.0 = Debug|Any CPU
		{CF701FB2-3706-4A47-AADA-E2116B58C576}.Debug|x64.ActiveCfg = Debug|Any CPU
		{CF701FB2-3706-4A47-AADA-E2116B58C576}.Debug|x64.Build.0 = Debug|Any CPU
		{CF701FB2-3706-4A47-AADA-E2116B58C576}.Debug|x86.ActiveCfg = Debug|Any CPU
		{CF701FB2-3706-4A47-AADA-E2116B58C576}.Debug|x86.Build.0 = Debug|Any CPU
		{CF701FB2-3706-4A47-AADA-E2116B58C576}.Release|Any CPU.ActiveCfg = Release|Any CPU
		{CF701FB2-3706-4A47-AADA-E2116B58C576}.Release|Any CPU.Build.0 = Release|Any CPU
		{CF701FB2-3706-4A47-AADA-E2116B58C576}.Release|ARM.ActiveCfg = Release|Any CPU
		{CF701FB2-3706-4A47-AADA-E2116B58C576}.Release|ARM.Build.0 = Release|Any CPU
		{CF701FB2-3706-4A47-AADA-E2116B58C576}.Release|iPhone.ActiveCfg = Release|Any CPU
		{CF701FB2-3706-4A47-AADA-E2116B58C576}.Release|iPhone.Build.0 = Release|Any CPU
		{CF701FB2-3706-4A47-AADA-E2116B58C576}.Release|iPhoneSimulator.ActiveCfg = Release|Any CPU
		{CF701FB2-3706-4A47-AADA-E2116B58C576}.Release|iPhoneSimulator.Build.0 = Release|Any CPU
		{CF701FB2-3706-4A47-AADA-E2116B58C576}.Release|x64.ActiveCfg = Release|Any CPU
		{CF701FB2-3706-4A47-AADA-E2116B58C576}.Release|x64.Build.0 = Release|Any CPU
		{CF701FB2-3706-4A47-AADA-E2116B58C576}.Release|x86.ActiveCfg = Release|Any CPU
		{CF701FB2-3706-4A47-AADA-E2116B58C576}.Release|x86.Build.0 = Release|Any CPU
		{89DE7B78-BDF6-4095-8587-6F540A8B1096}.Ad-Hoc|Any CPU.ActiveCfg = Release|Any CPU
		{89DE7B78-BDF6-4095-8587-6F540A8B1096}.Ad-Hoc|Any CPU.Build.0 = Release|Any CPU
		{89DE7B78-BDF6-4095-8587-6F540A8B1096}.Ad-Hoc|ARM.ActiveCfg = Release|Any CPU
		{89DE7B78-BDF6-4095-8587-6F540A8B1096}.Ad-Hoc|ARM.Build.0 = Release|Any CPU
		{89DE7B78-BDF6-4095-8587-6F540A8B1096}.Ad-Hoc|iPhone.ActiveCfg = Release|Any CPU
		{89DE7B78-BDF6-4095-8587-6F540A8B1096}.Ad-Hoc|iPhone.Build.0 = Release|Any CPU
		{89DE7B78-BDF6-4095-8587-6F540A8B1096}.Ad-Hoc|iPhoneSimulator.ActiveCfg = Release|Any CPU
		{89DE7B78-BDF6-4095-8587-6F540A8B1096}.Ad-Hoc|iPhoneSimulator.Build.0 = Release|Any CPU
		{89DE7B78-BDF6-4095-8587-6F540A8B1096}.Ad-Hoc|x64.ActiveCfg = Release|Any CPU
		{89DE7B78-BDF6-4095-8587-6F540A8B1096}.Ad-Hoc|x64.Build.0 = Release|Any CPU
		{89DE7B78-BDF6-4095-8587-6F540A8B1096}.Ad-Hoc|x86.ActiveCfg = Release|Any CPU
		{89DE7B78-BDF6-4095-8587-6F540A8B1096}.Ad-Hoc|x86.Build.0 = Release|Any CPU
		{89DE7B78-BDF6-4095-8587-6F540A8B1096}.AppStore|Any CPU.ActiveCfg = Release|Any CPU
		{89DE7B78-BDF6-4095-8587-6F540A8B1096}.AppStore|Any CPU.Build.0 = Release|Any CPU
		{89DE7B78-BDF6-4095-8587-6F540A8B1096}.AppStore|ARM.ActiveCfg = Release|Any CPU
		{89DE7B78-BDF6-4095-8587-6F540A8B1096}.AppStore|ARM.Build.0 = Release|Any CPU
		{89DE7B78-BDF6-4095-8587-6F540A8B1096}.AppStore|iPhone.ActiveCfg = Release|Any CPU
		{89DE7B78-BDF6-4095-8587-6F540A8B1096}.AppStore|iPhone.Build.0 = Release|Any CPU
		{89DE7B78-BDF6-4095-8587-6F540A8B1096}.AppStore|iPhoneSimulator.ActiveCfg = Release|Any CPU
		{89DE7B78-BDF6-4095-8587-6F540A8B1096}.AppStore|iPhoneSimulator.Build.0 = Release|Any CPU
		{89DE7B78-BDF6-4095-8587-6F540A8B1096}.AppStore|x64.ActiveCfg = Release|Any CPU
		{89DE7B78-BDF6-4095-8587-6F540A8B1096}.AppStore|x64.Build.0 = Release|Any CPU
		{89DE7B78-BDF6-4095-8587-6F540A8B1096}.AppStore|x86.ActiveCfg = Release|Any CPU
		{89DE7B78-BDF6-4095-8587-6F540A8B1096}.AppStore|x86.Build.0 = Release|Any CPU
		{89DE7B78-BDF6-4095-8587-6F540A8B1096}.Debug|Any CPU.ActiveCfg = Debug|Any CPU
		{89DE7B78-BDF6-4095-8587-6F540A8B1096}.Debug|Any CPU.Build.0 = Debug|Any CPU
		{89DE7B78-BDF6-4095-8587-6F540A8B1096}.Debug|ARM.ActiveCfg = Debug|Any CPU
		{89DE7B78-BDF6-4095-8587-6F540A8B1096}.Debug|ARM.Build.0 = Debug|Any CPU
		{89DE7B78-BDF6-4095-8587-6F540A8B1096}.Debug|iPhone.ActiveCfg = Debug|Any CPU
		{89DE7B78-BDF6-4095-8587-6F540A8B1096}.Debug|iPhone.Build.0 = Debug|Any CPU
		{89DE7B78-BDF6-4095-8587-6F540A8B1096}.Debug|iPhoneSimulator.ActiveCfg = Debug|Any CPU
		{89DE7B78-BDF6-4095-8587-6F540A8B1096}.Debug|iPhoneSimulator.Build.0 = Debug|Any CPU
		{89DE7B78-BDF6-4095-8587-6F540A8B1096}.Debug|x64.ActiveCfg = Debug|Any CPU
		{89DE7B78-BDF6-4095-8587-6F540A8B1096}.Debug|x64.Build.0 = Debug|Any CPU
		{89DE7B78-BDF6-4095-8587-6F540A8B1096}.Debug|x86.ActiveCfg = Debug|Any CPU
		{89DE7B78-BDF6-4095-8587-6F540A8B1096}.Debug|x86.Build.0 = Debug|Any CPU
		{89DE7B78-BDF6-4095-8587-6F540A8B1096}.Release|Any CPU.ActiveCfg = Release|Any CPU
		{89DE7B78-BDF6-4095-8587-6F540A8B1096}.Release|Any CPU.Build.0 = Release|Any CPU
		{89DE7B78-BDF6-4095-8587-6F540A8B1096}.Release|ARM.ActiveCfg = Release|Any CPU
		{89DE7B78-BDF6-4095-8587-6F540A8B1096}.Release|ARM.Build.0 = Release|Any CPU
		{89DE7B78-BDF6-4095-8587-6F540A8B1096}.Release|iPhone.ActiveCfg = Release|Any CPU
		{89DE7B78-BDF6-4095-8587-6F540A8B1096}.Release|iPhone.Build.0 = Release|Any CPU
		{89DE7B78-BDF6-4095-8587-6F540A8B1096}.Release|iPhoneSimulator.ActiveCfg = Release|Any CPU
		{89DE7B78-BDF6-4095-8587-6F540A8B1096}.Release|iPhoneSimulator.Build.0 = Release|Any CPU
		{89DE7B78-BDF6-4095-8587-6F540A8B1096}.Release|x64.ActiveCfg = Release|Any CPU
		{89DE7B78-BDF6-4095-8587-6F540A8B1096}.Release|x64.Build.0 = Release|Any CPU
		{89DE7B78-BDF6-4095-8587-6F540A8B1096}.Release|x86.ActiveCfg = Release|Any CPU
		{89DE7B78-BDF6-4095-8587-6F540A8B1096}.Release|x86.Build.0 = Release|Any CPU
		{EFFA4F3D-146A-4E58-B0B4-CC5904565DD2}.Ad-Hoc|Any CPU.ActiveCfg = Debug|Any CPU
		{EFFA4F3D-146A-4E58-B0B4-CC5904565DD2}.Ad-Hoc|Any CPU.Build.0 = Debug|Any CPU
		{EFFA4F3D-146A-4E58-B0B4-CC5904565DD2}.Ad-Hoc|ARM.ActiveCfg = Debug|Any CPU
		{EFFA4F3D-146A-4E58-B0B4-CC5904565DD2}.Ad-Hoc|ARM.Build.0 = Debug|Any CPU
		{EFFA4F3D-146A-4E58-B0B4-CC5904565DD2}.Ad-Hoc|iPhone.ActiveCfg = Debug|Any CPU
		{EFFA4F3D-146A-4E58-B0B4-CC5904565DD2}.Ad-Hoc|iPhone.Build.0 = Debug|Any CPU
		{EFFA4F3D-146A-4E58-B0B4-CC5904565DD2}.Ad-Hoc|iPhoneSimulator.ActiveCfg = Debug|Any CPU
		{EFFA4F3D-146A-4E58-B0B4-CC5904565DD2}.Ad-Hoc|iPhoneSimulator.Build.0 = Debug|Any CPU
		{EFFA4F3D-146A-4E58-B0B4-CC5904565DD2}.Ad-Hoc|x64.ActiveCfg = Debug|Any CPU
		{EFFA4F3D-146A-4E58-B0B4-CC5904565DD2}.Ad-Hoc|x64.Build.0 = Debug|Any CPU
		{EFFA4F3D-146A-4E58-B0B4-CC5904565DD2}.Ad-Hoc|x86.ActiveCfg = Debug|Any CPU
		{EFFA4F3D-146A-4E58-B0B4-CC5904565DD2}.Ad-Hoc|x86.Build.0 = Debug|Any CPU
		{EFFA4F3D-146A-4E58-B0B4-CC5904565DD2}.AppStore|Any CPU.ActiveCfg = Debug|Any CPU
		{EFFA4F3D-146A-4E58-B0B4-CC5904565DD2}.AppStore|Any CPU.Build.0 = Debug|Any CPU
		{EFFA4F3D-146A-4E58-B0B4-CC5904565DD2}.AppStore|ARM.ActiveCfg = Debug|Any CPU
		{EFFA4F3D-146A-4E58-B0B4-CC5904565DD2}.AppStore|ARM.Build.0 = Debug|Any CPU
		{EFFA4F3D-146A-4E58-B0B4-CC5904565DD2}.AppStore|iPhone.ActiveCfg = Debug|Any CPU
		{EFFA4F3D-146A-4E58-B0B4-CC5904565DD2}.AppStore|iPhone.Build.0 = Debug|Any CPU
		{EFFA4F3D-146A-4E58-B0B4-CC5904565DD2}.AppStore|iPhoneSimulator.ActiveCfg = Debug|Any CPU
		{EFFA4F3D-146A-4E58-B0B4-CC5904565DD2}.AppStore|iPhoneSimulator.Build.0 = Debug|Any CPU
		{EFFA4F3D-146A-4E58-B0B4-CC5904565DD2}.AppStore|x64.ActiveCfg = Debug|Any CPU
		{EFFA4F3D-146A-4E58-B0B4-CC5904565DD2}.AppStore|x64.Build.0 = Debug|Any CPU
		{EFFA4F3D-146A-4E58-B0B4-CC5904565DD2}.AppStore|x86.ActiveCfg = Debug|Any CPU
		{EFFA4F3D-146A-4E58-B0B4-CC5904565DD2}.AppStore|x86.Build.0 = Debug|Any CPU
		{EFFA4F3D-146A-4E58-B0B4-CC5904565DD2}.Debug|Any CPU.ActiveCfg = Debug|Any CPU
		{EFFA4F3D-146A-4E58-B0B4-CC5904565DD2}.Debug|Any CPU.Build.0 = Debug|Any CPU
		{EFFA4F3D-146A-4E58-B0B4-CC5904565DD2}.Debug|ARM.ActiveCfg = Debug|Any CPU
		{EFFA4F3D-146A-4E58-B0B4-CC5904565DD2}.Debug|ARM.Build.0 = Debug|Any CPU
		{EFFA4F3D-146A-4E58-B0B4-CC5904565DD2}.Debug|iPhone.ActiveCfg = Debug|Any CPU
		{EFFA4F3D-146A-4E58-B0B4-CC5904565DD2}.Debug|iPhone.Build.0 = Debug|Any CPU
		{EFFA4F3D-146A-4E58-B0B4-CC5904565DD2}.Debug|iPhoneSimulator.ActiveCfg = Debug|Any CPU
		{EFFA4F3D-146A-4E58-B0B4-CC5904565DD2}.Debug|iPhoneSimulator.Build.0 = Debug|Any CPU
		{EFFA4F3D-146A-4E58-B0B4-CC5904565DD2}.Debug|x64.ActiveCfg = Debug|Any CPU
		{EFFA4F3D-146A-4E58-B0B4-CC5904565DD2}.Debug|x64.Build.0 = Debug|Any CPU
		{EFFA4F3D-146A-4E58-B0B4-CC5904565DD2}.Debug|x86.ActiveCfg = Debug|Any CPU
		{EFFA4F3D-146A-4E58-B0B4-CC5904565DD2}.Debug|x86.Build.0 = Debug|Any CPU
		{EFFA4F3D-146A-4E58-B0B4-CC5904565DD2}.Release|Any CPU.ActiveCfg = Release|Any CPU
		{EFFA4F3D-146A-4E58-B0B4-CC5904565DD2}.Release|Any CPU.Build.0 = Release|Any CPU
		{EFFA4F3D-146A-4E58-B0B4-CC5904565DD2}.Release|ARM.ActiveCfg = Release|Any CPU
		{EFFA4F3D-146A-4E58-B0B4-CC5904565DD2}.Release|ARM.Build.0 = Release|Any CPU
		{EFFA4F3D-146A-4E58-B0B4-CC5904565DD2}.Release|iPhone.ActiveCfg = Release|Any CPU
		{EFFA4F3D-146A-4E58-B0B4-CC5904565DD2}.Release|iPhone.Build.0 = Release|Any CPU
		{EFFA4F3D-146A-4E58-B0B4-CC5904565DD2}.Release|iPhoneSimulator.ActiveCfg = Release|Any CPU
		{EFFA4F3D-146A-4E58-B0B4-CC5904565DD2}.Release|iPhoneSimulator.Build.0 = Release|Any CPU
		{EFFA4F3D-146A-4E58-B0B4-CC5904565DD2}.Release|x64.ActiveCfg = Release|Any CPU
		{EFFA4F3D-146A-4E58-B0B4-CC5904565DD2}.Release|x64.Build.0 = Release|Any CPU
		{EFFA4F3D-146A-4E58-B0B4-CC5904565DD2}.Release|x86.ActiveCfg = Release|Any CPU
		{EFFA4F3D-146A-4E58-B0B4-CC5904565DD2}.Release|x86.Build.0 = Release|Any CPU
		{26F84F13-7F6D-47AD-88F8-1FBB1F7054DF}.Ad-Hoc|Any CPU.ActiveCfg = Debug|Any CPU
		{26F84F13-7F6D-47AD-88F8-1FBB1F7054DF}.Ad-Hoc|Any CPU.Build.0 = Debug|Any CPU
		{26F84F13-7F6D-47AD-88F8-1FBB1F7054DF}.Ad-Hoc|ARM.ActiveCfg = Debug|Any CPU
		{26F84F13-7F6D-47AD-88F8-1FBB1F7054DF}.Ad-Hoc|ARM.Build.0 = Debug|Any CPU
		{26F84F13-7F6D-47AD-88F8-1FBB1F7054DF}.Ad-Hoc|iPhone.ActiveCfg = Debug|Any CPU
		{26F84F13-7F6D-47AD-88F8-1FBB1F7054DF}.Ad-Hoc|iPhone.Build.0 = Debug|Any CPU
		{26F84F13-7F6D-47AD-88F8-1FBB1F7054DF}.Ad-Hoc|iPhoneSimulator.ActiveCfg = Debug|Any CPU
		{26F84F13-7F6D-47AD-88F8-1FBB1F7054DF}.Ad-Hoc|iPhoneSimulator.Build.0 = Debug|Any CPU
		{26F84F13-7F6D-47AD-88F8-1FBB1F7054DF}.Ad-Hoc|x64.ActiveCfg = Debug|Any CPU
		{26F84F13-7F6D-47AD-88F8-1FBB1F7054DF}.Ad-Hoc|x64.Build.0 = Debug|Any CPU
		{26F84F13-7F6D-47AD-88F8-1FBB1F7054DF}.Ad-Hoc|x86.ActiveCfg = Debug|Any CPU
		{26F84F13-7F6D-47AD-88F8-1FBB1F7054DF}.Ad-Hoc|x86.Build.0 = Debug|Any CPU
		{26F84F13-7F6D-47AD-88F8-1FBB1F7054DF}.AppStore|Any CPU.ActiveCfg = Debug|Any CPU
		{26F84F13-7F6D-47AD-88F8-1FBB1F7054DF}.AppStore|Any CPU.Build.0 = Debug|Any CPU
		{26F84F13-7F6D-47AD-88F8-1FBB1F7054DF}.AppStore|ARM.ActiveCfg = Debug|Any CPU
		{26F84F13-7F6D-47AD-88F8-1FBB1F7054DF}.AppStore|ARM.Build.0 = Debug|Any CPU
		{26F84F13-7F6D-47AD-88F8-1FBB1F7054DF}.AppStore|iPhone.ActiveCfg = Debug|Any CPU
		{26F84F13-7F6D-47AD-88F8-1FBB1F7054DF}.AppStore|iPhone.Build.0 = Debug|Any CPU
		{26F84F13-7F6D-47AD-88F8-1FBB1F7054DF}.AppStore|iPhoneSimulator.ActiveCfg = Debug|Any CPU
		{26F84F13-7F6D-47AD-88F8-1FBB1F7054DF}.AppStore|iPhoneSimulator.Build.0 = Debug|Any CPU
		{26F84F13-7F6D-47AD-88F8-1FBB1F7054DF}.AppStore|x64.ActiveCfg = Debug|Any CPU
		{26F84F13-7F6D-47AD-88F8-1FBB1F7054DF}.AppStore|x64.Build.0 = Debug|Any CPU
		{26F84F13-7F6D-47AD-88F8-1FBB1F7054DF}.AppStore|x86.ActiveCfg = Debug|Any CPU
		{26F84F13-7F6D-47AD-88F8-1FBB1F7054DF}.AppStore|x86.Build.0 = Debug|Any CPU
		{26F84F13-7F6D-47AD-88F8-1FBB1F7054DF}.Debug|Any CPU.ActiveCfg = Debug|Any CPU
		{26F84F13-7F6D-47AD-88F8-1FBB1F7054DF}.Debug|Any CPU.Build.0 = Debug|Any CPU
		{26F84F13-7F6D-47AD-88F8-1FBB1F7054DF}.Debug|ARM.ActiveCfg = Debug|Any CPU
		{26F84F13-7F6D-47AD-88F8-1FBB1F7054DF}.Debug|ARM.Build.0 = Debug|Any CPU
		{26F84F13-7F6D-47AD-88F8-1FBB1F7054DF}.Debug|iPhone.ActiveCfg = Debug|Any CPU
		{26F84F13-7F6D-47AD-88F8-1FBB1F7054DF}.Debug|iPhone.Build.0 = Debug|Any CPU
		{26F84F13-7F6D-47AD-88F8-1FBB1F7054DF}.Debug|iPhoneSimulator.ActiveCfg = Debug|Any CPU
		{26F84F13-7F6D-47AD-88F8-1FBB1F7054DF}.Debug|iPhoneSimulator.Build.0 = Debug|Any CPU
		{26F84F13-7F6D-47AD-88F8-1FBB1F7054DF}.Debug|x64.ActiveCfg = Debug|Any CPU
		{26F84F13-7F6D-47AD-88F8-1FBB1F7054DF}.Debug|x64.Build.0 = Debug|Any CPU
		{26F84F13-7F6D-47AD-88F8-1FBB1F7054DF}.Debug|x86.ActiveCfg = Debug|Any CPU
		{26F84F13-7F6D-47AD-88F8-1FBB1F7054DF}.Debug|x86.Build.0 = Debug|Any CPU
		{26F84F13-7F6D-47AD-88F8-1FBB1F7054DF}.Release|Any CPU.ActiveCfg = Release|Any CPU
		{26F84F13-7F6D-47AD-88F8-1FBB1F7054DF}.Release|Any CPU.Build.0 = Release|Any CPU
		{26F84F13-7F6D-47AD-88F8-1FBB1F7054DF}.Release|ARM.ActiveCfg = Release|Any CPU
		{26F84F13-7F6D-47AD-88F8-1FBB1F7054DF}.Release|ARM.Build.0 = Release|Any CPU
		{26F84F13-7F6D-47AD-88F8-1FBB1F7054DF}.Release|iPhone.ActiveCfg = Release|Any CPU
		{26F84F13-7F6D-47AD-88F8-1FBB1F7054DF}.Release|iPhone.Build.0 = Release|Any CPU
		{26F84F13-7F6D-47AD-88F8-1FBB1F7054DF}.Release|iPhoneSimulator.ActiveCfg = Release|Any CPU
		{26F84F13-7F6D-47AD-88F8-1FBB1F7054DF}.Release|iPhoneSimulator.Build.0 = Release|Any CPU
		{26F84F13-7F6D-47AD-88F8-1FBB1F7054DF}.Release|x64.ActiveCfg = Release|Any CPU
		{26F84F13-7F6D-47AD-88F8-1FBB1F7054DF}.Release|x64.Build.0 = Release|Any CPU
		{26F84F13-7F6D-47AD-88F8-1FBB1F7054DF}.Release|x86.ActiveCfg = Release|Any CPU
		{26F84F13-7F6D-47AD-88F8-1FBB1F7054DF}.Release|x86.Build.0 = Release|Any CPU
		{353D57F2-70E1-4CF1-9431-FFA4B6DA804A}.Ad-Hoc|Any CPU.ActiveCfg = Debug|Any CPU
		{353D57F2-70E1-4CF1-9431-FFA4B6DA804A}.Ad-Hoc|Any CPU.Build.0 = Debug|Any CPU
		{353D57F2-70E1-4CF1-9431-FFA4B6DA804A}.Ad-Hoc|ARM.ActiveCfg = Debug|Any CPU
		{353D57F2-70E1-4CF1-9431-FFA4B6DA804A}.Ad-Hoc|ARM.Build.0 = Debug|Any CPU
		{353D57F2-70E1-4CF1-9431-FFA4B6DA804A}.Ad-Hoc|iPhone.ActiveCfg = Debug|Any CPU
		{353D57F2-70E1-4CF1-9431-FFA4B6DA804A}.Ad-Hoc|iPhone.Build.0 = Debug|Any CPU
		{353D57F2-70E1-4CF1-9431-FFA4B6DA804A}.Ad-Hoc|iPhoneSimulator.ActiveCfg = Debug|Any CPU
		{353D57F2-70E1-4CF1-9431-FFA4B6DA804A}.Ad-Hoc|iPhoneSimulator.Build.0 = Debug|Any CPU
		{353D57F2-70E1-4CF1-9431-FFA4B6DA804A}.Ad-Hoc|x64.ActiveCfg = Debug|Any CPU
		{353D57F2-70E1-4CF1-9431-FFA4B6DA804A}.Ad-Hoc|x64.Build.0 = Debug|Any CPU
		{353D57F2-70E1-4CF1-9431-FFA4B6DA804A}.Ad-Hoc|x86.ActiveCfg = Debug|Any CPU
		{353D57F2-70E1-4CF1-9431-FFA4B6DA804A}.Ad-Hoc|x86.Build.0 = Debug|Any CPU
		{353D57F2-70E1-4CF1-9431-FFA4B6DA804A}.AppStore|Any CPU.ActiveCfg = Debug|Any CPU
		{353D57F2-70E1-4CF1-9431-FFA4B6DA804A}.AppStore|Any CPU.Build.0 = Debug|Any CPU
		{353D57F2-70E1-4CF1-9431-FFA4B6DA804A}.AppStore|ARM.ActiveCfg = Debug|Any CPU
		{353D57F2-70E1-4CF1-9431-FFA4B6DA804A}.AppStore|ARM.Build.0 = Debug|Any CPU
		{353D57F2-70E1-4CF1-9431-FFA4B6DA804A}.AppStore|iPhone.ActiveCfg = Debug|Any CPU
		{353D57F2-70E1-4CF1-9431-FFA4B6DA804A}.AppStore|iPhone.Build.0 = Debug|Any CPU
		{353D57F2-70E1-4CF1-9431-FFA4B6DA804A}.AppStore|iPhoneSimulator.ActiveCfg = Debug|Any CPU
		{353D57F2-70E1-4CF1-9431-FFA4B6DA804A}.AppStore|iPhoneSimulator.Build.0 = Debug|Any CPU
		{353D57F2-70E1-4CF1-9431-FFA4B6DA804A}.AppStore|x64.ActiveCfg = Debug|Any CPU
		{353D57F2-70E1-4CF1-9431-FFA4B6DA804A}.AppStore|x64.Build.0 = Debug|Any CPU
		{353D57F2-70E1-4CF1-9431-FFA4B6DA804A}.AppStore|x86.ActiveCfg = Debug|Any CPU
		{353D57F2-70E1-4CF1-9431-FFA4B6DA804A}.AppStore|x86.Build.0 = Debug|Any CPU
		{353D57F2-70E1-4CF1-9431-FFA4B6DA804A}.Debug|Any CPU.ActiveCfg = Debug|Any CPU
		{353D57F2-70E1-4CF1-9431-FFA4B6DA804A}.Debug|Any CPU.Build.0 = Debug|Any CPU
		{353D57F2-70E1-4CF1-9431-FFA4B6DA804A}.Debug|ARM.ActiveCfg = Debug|Any CPU
		{353D57F2-70E1-4CF1-9431-FFA4B6DA804A}.Debug|ARM.Build.0 = Debug|Any CPU
		{353D57F2-70E1-4CF1-9431-FFA4B6DA804A}.Debug|iPhone.ActiveCfg = Debug|Any CPU
		{353D57F2-70E1-4CF1-9431-FFA4B6DA804A}.Debug|iPhone.Build.0 = Debug|Any CPU
		{353D57F2-70E1-4CF1-9431-FFA4B6DA804A}.Debug|iPhoneSimulator.ActiveCfg = Debug|Any CPU
		{353D57F2-70E1-4CF1-9431-FFA4B6DA804A}.Debug|iPhoneSimulator.Build.0 = Debug|Any CPU
		{353D57F2-70E1-4CF1-9431-FFA4B6DA804A}.Debug|x64.ActiveCfg = Debug|Any CPU
		{353D57F2-70E1-4CF1-9431-FFA4B6DA804A}.Debug|x64.Build.0 = Debug|Any CPU
		{353D57F2-70E1-4CF1-9431-FFA4B6DA804A}.Debug|x86.ActiveCfg = Debug|Any CPU
		{353D57F2-70E1-4CF1-9431-FFA4B6DA804A}.Debug|x86.Build.0 = Debug|Any CPU
		{353D57F2-70E1-4CF1-9431-FFA4B6DA804A}.Release|Any CPU.ActiveCfg = Release|Any CPU
		{353D57F2-70E1-4CF1-9431-FFA4B6DA804A}.Release|Any CPU.Build.0 = Release|Any CPU
		{353D57F2-70E1-4CF1-9431-FFA4B6DA804A}.Release|ARM.ActiveCfg = Release|Any CPU
		{353D57F2-70E1-4CF1-9431-FFA4B6DA804A}.Release|ARM.Build.0 = Release|Any CPU
		{353D57F2-70E1-4CF1-9431-FFA4B6DA804A}.Release|iPhone.ActiveCfg = Release|Any CPU
		{353D57F2-70E1-4CF1-9431-FFA4B6DA804A}.Release|iPhone.Build.0 = Release|Any CPU
		{353D57F2-70E1-4CF1-9431-FFA4B6DA804A}.Release|iPhoneSimulator.ActiveCfg = Release|Any CPU
		{353D57F2-70E1-4CF1-9431-FFA4B6DA804A}.Release|iPhoneSimulator.Build.0 = Release|Any CPU
		{353D57F2-70E1-4CF1-9431-FFA4B6DA804A}.Release|x64.ActiveCfg = Release|Any CPU
		{353D57F2-70E1-4CF1-9431-FFA4B6DA804A}.Release|x64.Build.0 = Release|Any CPU
		{353D57F2-70E1-4CF1-9431-FFA4B6DA804A}.Release|x86.ActiveCfg = Release|Any CPU
		{353D57F2-70E1-4CF1-9431-FFA4B6DA804A}.Release|x86.Build.0 = Release|Any CPU
		{E095C29B-79F0-46E0-91EE-2FDB55F30754}.Ad-Hoc|Any CPU.ActiveCfg = Debug|Any CPU
		{E095C29B-79F0-46E0-91EE-2FDB55F30754}.Ad-Hoc|Any CPU.Build.0 = Debug|Any CPU
		{E095C29B-79F0-46E0-91EE-2FDB55F30754}.Ad-Hoc|ARM.ActiveCfg = Debug|Any CPU
		{E095C29B-79F0-46E0-91EE-2FDB55F30754}.Ad-Hoc|ARM.Build.0 = Debug|Any CPU
		{E095C29B-79F0-46E0-91EE-2FDB55F30754}.Ad-Hoc|iPhone.ActiveCfg = Debug|Any CPU
		{E095C29B-79F0-46E0-91EE-2FDB55F30754}.Ad-Hoc|iPhone.Build.0 = Debug|Any CPU
		{E095C29B-79F0-46E0-91EE-2FDB55F30754}.Ad-Hoc|iPhoneSimulator.ActiveCfg = Debug|Any CPU
		{E095C29B-79F0-46E0-91EE-2FDB55F30754}.Ad-Hoc|iPhoneSimulator.Build.0 = Debug|Any CPU
		{E095C29B-79F0-46E0-91EE-2FDB55F30754}.Ad-Hoc|x64.ActiveCfg = Debug|Any CPU
		{E095C29B-79F0-46E0-91EE-2FDB55F30754}.Ad-Hoc|x64.Build.0 = Debug|Any CPU
		{E095C29B-79F0-46E0-91EE-2FDB55F30754}.Ad-Hoc|x86.ActiveCfg = Debug|Any CPU
		{E095C29B-79F0-46E0-91EE-2FDB55F30754}.Ad-Hoc|x86.Build.0 = Debug|Any CPU
		{E095C29B-79F0-46E0-91EE-2FDB55F30754}.AppStore|Any CPU.ActiveCfg = Debug|Any CPU
		{E095C29B-79F0-46E0-91EE-2FDB55F30754}.AppStore|Any CPU.Build.0 = Debug|Any CPU
		{E095C29B-79F0-46E0-91EE-2FDB55F30754}.AppStore|ARM.ActiveCfg = Debug|Any CPU
		{E095C29B-79F0-46E0-91EE-2FDB55F30754}.AppStore|ARM.Build.0 = Debug|Any CPU
		{E095C29B-79F0-46E0-91EE-2FDB55F30754}.AppStore|iPhone.ActiveCfg = Debug|Any CPU
		{E095C29B-79F0-46E0-91EE-2FDB55F30754}.AppStore|iPhone.Build.0 = Debug|Any CPU
		{E095C29B-79F0-46E0-91EE-2FDB55F30754}.AppStore|iPhoneSimulator.ActiveCfg = Debug|Any CPU
		{E095C29B-79F0-46E0-91EE-2FDB55F30754}.AppStore|iPhoneSimulator.Build.0 = Debug|Any CPU
		{E095C29B-79F0-46E0-91EE-2FDB55F30754}.AppStore|x64.ActiveCfg = Debug|Any CPU
		{E095C29B-79F0-46E0-91EE-2FDB55F30754}.AppStore|x64.Build.0 = Debug|Any CPU
		{E095C29B-79F0-46E0-91EE-2FDB55F30754}.AppStore|x86.ActiveCfg = Debug|Any CPU
		{E095C29B-79F0-46E0-91EE-2FDB55F30754}.AppStore|x86.Build.0 = Debug|Any CPU
		{E095C29B-79F0-46E0-91EE-2FDB55F30754}.Debug|Any CPU.ActiveCfg = Debug|Any CPU
		{E095C29B-79F0-46E0-91EE-2FDB55F30754}.Debug|Any CPU.Build.0 = Debug|Any CPU
		{E095C29B-79F0-46E0-91EE-2FDB55F30754}.Debug|ARM.ActiveCfg = Debug|Any CPU
		{E095C29B-79F0-46E0-91EE-2FDB55F30754}.Debug|ARM.Build.0 = Debug|Any CPU
		{E095C29B-79F0-46E0-91EE-2FDB55F30754}.Debug|iPhone.ActiveCfg = Debug|Any CPU
		{E095C29B-79F0-46E0-91EE-2FDB55F30754}.Debug|iPhone.Build.0 = Debug|Any CPU
		{E095C29B-79F0-46E0-91EE-2FDB55F30754}.Debug|iPhoneSimulator.ActiveCfg = Debug|Any CPU
		{E095C29B-79F0-46E0-91EE-2FDB55F30754}.Debug|iPhoneSimulator.Build.0 = Debug|Any CPU
		{E095C29B-79F0-46E0-91EE-2FDB55F30754}.Debug|x64.ActiveCfg = Debug|Any CPU
		{E095C29B-79F0-46E0-91EE-2FDB55F30754}.Debug|x64.Build.0 = Debug|Any CPU
		{E095C29B-79F0-46E0-91EE-2FDB55F30754}.Debug|x86.ActiveCfg = Debug|Any CPU
		{E095C29B-79F0-46E0-91EE-2FDB55F30754}.Debug|x86.Build.0 = Debug|Any CPU
		{E095C29B-79F0-46E0-91EE-2FDB55F30754}.Release|Any CPU.ActiveCfg = Release|Any CPU
		{E095C29B-79F0-46E0-91EE-2FDB55F30754}.Release|Any CPU.Build.0 = Release|Any CPU
		{E095C29B-79F0-46E0-91EE-2FDB55F30754}.Release|ARM.ActiveCfg = Release|Any CPU
		{E095C29B-79F0-46E0-91EE-2FDB55F30754}.Release|ARM.Build.0 = Release|Any CPU
		{E095C29B-79F0-46E0-91EE-2FDB55F30754}.Release|iPhone.ActiveCfg = Release|Any CPU
		{E095C29B-79F0-46E0-91EE-2FDB55F30754}.Release|iPhone.Build.0 = Release|Any CPU
		{E095C29B-79F0-46E0-91EE-2FDB55F30754}.Release|iPhoneSimulator.ActiveCfg = Release|Any CPU
		{E095C29B-79F0-46E0-91EE-2FDB55F30754}.Release|iPhoneSimulator.Build.0 = Release|Any CPU
		{E095C29B-79F0-46E0-91EE-2FDB55F30754}.Release|x64.ActiveCfg = Release|Any CPU
		{E095C29B-79F0-46E0-91EE-2FDB55F30754}.Release|x64.Build.0 = Release|Any CPU
		{E095C29B-79F0-46E0-91EE-2FDB55F30754}.Release|x86.ActiveCfg = Release|Any CPU
		{E095C29B-79F0-46E0-91EE-2FDB55F30754}.Release|x86.Build.0 = Release|Any CPU
		{DE49863E-EC3F-4974-B76C-88ACDFC851EC}.Ad-Hoc|Any CPU.ActiveCfg = Debug|Any CPU
		{DE49863E-EC3F-4974-B76C-88ACDFC851EC}.Ad-Hoc|Any CPU.Build.0 = Debug|Any CPU
		{DE49863E-EC3F-4974-B76C-88ACDFC851EC}.Ad-Hoc|ARM.ActiveCfg = Debug|Any CPU
		{DE49863E-EC3F-4974-B76C-88ACDFC851EC}.Ad-Hoc|ARM.Build.0 = Debug|Any CPU
		{DE49863E-EC3F-4974-B76C-88ACDFC851EC}.Ad-Hoc|iPhone.ActiveCfg = Debug|Any CPU
		{DE49863E-EC3F-4974-B76C-88ACDFC851EC}.Ad-Hoc|iPhone.Build.0 = Debug|Any CPU
		{DE49863E-EC3F-4974-B76C-88ACDFC851EC}.Ad-Hoc|iPhoneSimulator.ActiveCfg = Debug|Any CPU
		{DE49863E-EC3F-4974-B76C-88ACDFC851EC}.Ad-Hoc|iPhoneSimulator.Build.0 = Debug|Any CPU
		{DE49863E-EC3F-4974-B76C-88ACDFC851EC}.Ad-Hoc|x64.ActiveCfg = Debug|Any CPU
		{DE49863E-EC3F-4974-B76C-88ACDFC851EC}.Ad-Hoc|x64.Build.0 = Debug|Any CPU
		{DE49863E-EC3F-4974-B76C-88ACDFC851EC}.Ad-Hoc|x86.ActiveCfg = Debug|Any CPU
		{DE49863E-EC3F-4974-B76C-88ACDFC851EC}.Ad-Hoc|x86.Build.0 = Debug|Any CPU
		{DE49863E-EC3F-4974-B76C-88ACDFC851EC}.AppStore|Any CPU.ActiveCfg = Debug|Any CPU
		{DE49863E-EC3F-4974-B76C-88ACDFC851EC}.AppStore|Any CPU.Build.0 = Debug|Any CPU
		{DE49863E-EC3F-4974-B76C-88ACDFC851EC}.AppStore|ARM.ActiveCfg = Debug|Any CPU
		{DE49863E-EC3F-4974-B76C-88ACDFC851EC}.AppStore|ARM.Build.0 = Debug|Any CPU
		{DE49863E-EC3F-4974-B76C-88ACDFC851EC}.AppStore|iPhone.ActiveCfg = Debug|Any CPU
		{DE49863E-EC3F-4974-B76C-88ACDFC851EC}.AppStore|iPhone.Build.0 = Debug|Any CPU
		{DE49863E-EC3F-4974-B76C-88ACDFC851EC}.AppStore|iPhoneSimulator.ActiveCfg = Debug|Any CPU
		{DE49863E-EC3F-4974-B76C-88ACDFC851EC}.AppStore|iPhoneSimulator.Build.0 = Debug|Any CPU
		{DE49863E-EC3F-4974-B76C-88ACDFC851EC}.AppStore|x64.ActiveCfg = Debug|Any CPU
		{DE49863E-EC3F-4974-B76C-88ACDFC851EC}.AppStore|x64.Build.0 = Debug|Any CPU
		{DE49863E-EC3F-4974-B76C-88ACDFC851EC}.AppStore|x86.ActiveCfg = Debug|Any CPU
		{DE49863E-EC3F-4974-B76C-88ACDFC851EC}.AppStore|x86.Build.0 = Debug|Any CPU
		{DE49863E-EC3F-4974-B76C-88ACDFC851EC}.Debug|Any CPU.ActiveCfg = Debug|Any CPU
		{DE49863E-EC3F-4974-B76C-88ACDFC851EC}.Debug|Any CPU.Build.0 = Debug|Any CPU
		{DE49863E-EC3F-4974-B76C-88ACDFC851EC}.Debug|ARM.ActiveCfg = Debug|Any CPU
		{DE49863E-EC3F-4974-B76C-88ACDFC851EC}.Debug|ARM.Build.0 = Debug|Any CPU
		{DE49863E-EC3F-4974-B76C-88ACDFC851EC}.Debug|iPhone.ActiveCfg = Debug|Any CPU
		{DE49863E-EC3F-4974-B76C-88ACDFC851EC}.Debug|iPhone.Build.0 = Debug|Any CPU
		{DE49863E-EC3F-4974-B76C-88ACDFC851EC}.Debug|iPhoneSimulator.ActiveCfg = Debug|Any CPU
		{DE49863E-EC3F-4974-B76C-88ACDFC851EC}.Debug|iPhoneSimulator.Build.0 = Debug|Any CPU
		{DE49863E-EC3F-4974-B76C-88ACDFC851EC}.Debug|x64.ActiveCfg = Debug|Any CPU
		{DE49863E-EC3F-4974-B76C-88ACDFC851EC}.Debug|x64.Build.0 = Debug|Any CPU
		{DE49863E-EC3F-4974-B76C-88ACDFC851EC}.Debug|x86.ActiveCfg = Debug|Any CPU
		{DE49863E-EC3F-4974-B76C-88ACDFC851EC}.Debug|x86.Build.0 = Debug|Any CPU
		{DE49863E-EC3F-4974-B76C-88ACDFC851EC}.Release|Any CPU.ActiveCfg = Release|Any CPU
		{DE49863E-EC3F-4974-B76C-88ACDFC851EC}.Release|Any CPU.Build.0 = Release|Any CPU
		{DE49863E-EC3F-4974-B76C-88ACDFC851EC}.Release|ARM.ActiveCfg = Release|Any CPU
		{DE49863E-EC3F-4974-B76C-88ACDFC851EC}.Release|ARM.Build.0 = Release|Any CPU
		{DE49863E-EC3F-4974-B76C-88ACDFC851EC}.Release|iPhone.ActiveCfg = Release|Any CPU
		{DE49863E-EC3F-4974-B76C-88ACDFC851EC}.Release|iPhone.Build.0 = Release|Any CPU
		{DE49863E-EC3F-4974-B76C-88ACDFC851EC}.Release|iPhoneSimulator.ActiveCfg = Release|Any CPU
		{DE49863E-EC3F-4974-B76C-88ACDFC851EC}.Release|iPhoneSimulator.Build.0 = Release|Any CPU
		{DE49863E-EC3F-4974-B76C-88ACDFC851EC}.Release|x64.ActiveCfg = Release|Any CPU
		{DE49863E-EC3F-4974-B76C-88ACDFC851EC}.Release|x64.Build.0 = Release|Any CPU
		{DE49863E-EC3F-4974-B76C-88ACDFC851EC}.Release|x86.ActiveCfg = Release|Any CPU
		{DE49863E-EC3F-4974-B76C-88ACDFC851EC}.Release|x86.Build.0 = Release|Any CPU
		{4DBC063C-53F4-444C-B2FC-D62E07CA7A1D}.Ad-Hoc|Any CPU.ActiveCfg = Debug|Any CPU
		{4DBC063C-53F4-444C-B2FC-D62E07CA7A1D}.Ad-Hoc|Any CPU.Build.0 = Debug|Any CPU
		{4DBC063C-53F4-444C-B2FC-D62E07CA7A1D}.Ad-Hoc|ARM.ActiveCfg = Debug|Any CPU
		{4DBC063C-53F4-444C-B2FC-D62E07CA7A1D}.Ad-Hoc|ARM.Build.0 = Debug|Any CPU
		{4DBC063C-53F4-444C-B2FC-D62E07CA7A1D}.Ad-Hoc|iPhone.ActiveCfg = Debug|Any CPU
		{4DBC063C-53F4-444C-B2FC-D62E07CA7A1D}.Ad-Hoc|iPhone.Build.0 = Debug|Any CPU
		{4DBC063C-53F4-444C-B2FC-D62E07CA7A1D}.Ad-Hoc|iPhoneSimulator.ActiveCfg = Debug|Any CPU
		{4DBC063C-53F4-444C-B2FC-D62E07CA7A1D}.Ad-Hoc|iPhoneSimulator.Build.0 = Debug|Any CPU
		{4DBC063C-53F4-444C-B2FC-D62E07CA7A1D}.Ad-Hoc|x64.ActiveCfg = Debug|Any CPU
		{4DBC063C-53F4-444C-B2FC-D62E07CA7A1D}.Ad-Hoc|x64.Build.0 = Debug|Any CPU
		{4DBC063C-53F4-444C-B2FC-D62E07CA7A1D}.Ad-Hoc|x86.ActiveCfg = Debug|Any CPU
		{4DBC063C-53F4-444C-B2FC-D62E07CA7A1D}.Ad-Hoc|x86.Build.0 = Debug|Any CPU
		{4DBC063C-53F4-444C-B2FC-D62E07CA7A1D}.AppStore|Any CPU.ActiveCfg = Debug|Any CPU
		{4DBC063C-53F4-444C-B2FC-D62E07CA7A1D}.AppStore|Any CPU.Build.0 = Debug|Any CPU
		{4DBC063C-53F4-444C-B2FC-D62E07CA7A1D}.AppStore|ARM.ActiveCfg = Debug|Any CPU
		{4DBC063C-53F4-444C-B2FC-D62E07CA7A1D}.AppStore|ARM.Build.0 = Debug|Any CPU
		{4DBC063C-53F4-444C-B2FC-D62E07CA7A1D}.AppStore|iPhone.ActiveCfg = Debug|Any CPU
		{4DBC063C-53F4-444C-B2FC-D62E07CA7A1D}.AppStore|iPhone.Build.0 = Debug|Any CPU
		{4DBC063C-53F4-444C-B2FC-D62E07CA7A1D}.AppStore|iPhoneSimulator.ActiveCfg = Debug|Any CPU
		{4DBC063C-53F4-444C-B2FC-D62E07CA7A1D}.AppStore|iPhoneSimulator.Build.0 = Debug|Any CPU
		{4DBC063C-53F4-444C-B2FC-D62E07CA7A1D}.AppStore|x64.ActiveCfg = Debug|Any CPU
		{4DBC063C-53F4-444C-B2FC-D62E07CA7A1D}.AppStore|x64.Build.0 = Debug|Any CPU
		{4DBC063C-53F4-444C-B2FC-D62E07CA7A1D}.AppStore|x86.ActiveCfg = Debug|Any CPU
		{4DBC063C-53F4-444C-B2FC-D62E07CA7A1D}.AppStore|x86.Build.0 = Debug|Any CPU
		{4DBC063C-53F4-444C-B2FC-D62E07CA7A1D}.Debug|Any CPU.ActiveCfg = Debug|Any CPU
		{4DBC063C-53F4-444C-B2FC-D62E07CA7A1D}.Debug|Any CPU.Build.0 = Debug|Any CPU
		{4DBC063C-53F4-444C-B2FC-D62E07CA7A1D}.Debug|ARM.ActiveCfg = Debug|Any CPU
		{4DBC063C-53F4-444C-B2FC-D62E07CA7A1D}.Debug|ARM.Build.0 = Debug|Any CPU
		{4DBC063C-53F4-444C-B2FC-D62E07CA7A1D}.Debug|iPhone.ActiveCfg = Debug|Any CPU
		{4DBC063C-53F4-444C-B2FC-D62E07CA7A1D}.Debug|iPhone.Build.0 = Debug|Any CPU
		{4DBC063C-53F4-444C-B2FC-D62E07CA7A1D}.Debug|iPhoneSimulator.ActiveCfg = Debug|Any CPU
		{4DBC063C-53F4-444C-B2FC-D62E07CA7A1D}.Debug|iPhoneSimulator.Build.0 = Debug|Any CPU
		{4DBC063C-53F4-444C-B2FC-D62E07CA7A1D}.Debug|x64.ActiveCfg = Debug|Any CPU
		{4DBC063C-53F4-444C-B2FC-D62E07CA7A1D}.Debug|x64.Build.0 = Debug|Any CPU
		{4DBC063C-53F4-444C-B2FC-D62E07CA7A1D}.Debug|x86.ActiveCfg = Debug|Any CPU
		{4DBC063C-53F4-444C-B2FC-D62E07CA7A1D}.Debug|x86.Build.0 = Debug|Any CPU
		{4DBC063C-53F4-444C-B2FC-D62E07CA7A1D}.Release|Any CPU.ActiveCfg = Release|Any CPU
		{4DBC063C-53F4-444C-B2FC-D62E07CA7A1D}.Release|Any CPU.Build.0 = Release|Any CPU
		{4DBC063C-53F4-444C-B2FC-D62E07CA7A1D}.Release|ARM.ActiveCfg = Release|Any CPU
		{4DBC063C-53F4-444C-B2FC-D62E07CA7A1D}.Release|ARM.Build.0 = Release|Any CPU
		{4DBC063C-53F4-444C-B2FC-D62E07CA7A1D}.Release|iPhone.ActiveCfg = Release|Any CPU
		{4DBC063C-53F4-444C-B2FC-D62E07CA7A1D}.Release|iPhone.Build.0 = Release|Any CPU
		{4DBC063C-53F4-444C-B2FC-D62E07CA7A1D}.Release|iPhoneSimulator.ActiveCfg = Release|Any CPU
		{4DBC063C-53F4-444C-B2FC-D62E07CA7A1D}.Release|iPhoneSimulator.Build.0 = Release|Any CPU
		{4DBC063C-53F4-444C-B2FC-D62E07CA7A1D}.Release|x64.ActiveCfg = Release|Any CPU
		{4DBC063C-53F4-444C-B2FC-D62E07CA7A1D}.Release|x64.Build.0 = Release|Any CPU
		{4DBC063C-53F4-444C-B2FC-D62E07CA7A1D}.Release|x86.ActiveCfg = Release|Any CPU
		{4DBC063C-53F4-444C-B2FC-D62E07CA7A1D}.Release|x86.Build.0 = Release|Any CPU
		{65EB4CC1-E628-4DED-8F9C-9A496DFC88A9}.Ad-Hoc|Any CPU.ActiveCfg = Debug|Any CPU
		{65EB4CC1-E628-4DED-8F9C-9A496DFC88A9}.Ad-Hoc|Any CPU.Build.0 = Debug|Any CPU
		{65EB4CC1-E628-4DED-8F9C-9A496DFC88A9}.Ad-Hoc|ARM.ActiveCfg = Debug|Any CPU
		{65EB4CC1-E628-4DED-8F9C-9A496DFC88A9}.Ad-Hoc|ARM.Build.0 = Debug|Any CPU
		{65EB4CC1-E628-4DED-8F9C-9A496DFC88A9}.Ad-Hoc|iPhone.ActiveCfg = Debug|Any CPU
		{65EB4CC1-E628-4DED-8F9C-9A496DFC88A9}.Ad-Hoc|iPhone.Build.0 = Debug|Any CPU
		{65EB4CC1-E628-4DED-8F9C-9A496DFC88A9}.Ad-Hoc|iPhoneSimulator.ActiveCfg = Debug|Any CPU
		{65EB4CC1-E628-4DED-8F9C-9A496DFC88A9}.Ad-Hoc|iPhoneSimulator.Build.0 = Debug|Any CPU
		{65EB4CC1-E628-4DED-8F9C-9A496DFC88A9}.Ad-Hoc|x64.ActiveCfg = Debug|Any CPU
		{65EB4CC1-E628-4DED-8F9C-9A496DFC88A9}.Ad-Hoc|x64.Build.0 = Debug|Any CPU
		{65EB4CC1-E628-4DED-8F9C-9A496DFC88A9}.Ad-Hoc|x86.ActiveCfg = Debug|Any CPU
		{65EB4CC1-E628-4DED-8F9C-9A496DFC88A9}.Ad-Hoc|x86.Build.0 = Debug|Any CPU
		{65EB4CC1-E628-4DED-8F9C-9A496DFC88A9}.AppStore|Any CPU.ActiveCfg = Debug|Any CPU
		{65EB4CC1-E628-4DED-8F9C-9A496DFC88A9}.AppStore|Any CPU.Build.0 = Debug|Any CPU
		{65EB4CC1-E628-4DED-8F9C-9A496DFC88A9}.AppStore|ARM.ActiveCfg = Debug|Any CPU
		{65EB4CC1-E628-4DED-8F9C-9A496DFC88A9}.AppStore|ARM.Build.0 = Debug|Any CPU
		{65EB4CC1-E628-4DED-8F9C-9A496DFC88A9}.AppStore|iPhone.ActiveCfg = Debug|Any CPU
		{65EB4CC1-E628-4DED-8F9C-9A496DFC88A9}.AppStore|iPhone.Build.0 = Debug|Any CPU
		{65EB4CC1-E628-4DED-8F9C-9A496DFC88A9}.AppStore|iPhoneSimulator.ActiveCfg = Debug|Any CPU
		{65EB4CC1-E628-4DED-8F9C-9A496DFC88A9}.AppStore|iPhoneSimulator.Build.0 = Debug|Any CPU
		{65EB4CC1-E628-4DED-8F9C-9A496DFC88A9}.AppStore|x64.ActiveCfg = Debug|Any CPU
		{65EB4CC1-E628-4DED-8F9C-9A496DFC88A9}.AppStore|x64.Build.0 = Debug|Any CPU
		{65EB4CC1-E628-4DED-8F9C-9A496DFC88A9}.AppStore|x86.ActiveCfg = Debug|Any CPU
		{65EB4CC1-E628-4DED-8F9C-9A496DFC88A9}.AppStore|x86.Build.0 = Debug|Any CPU
		{65EB4CC1-E628-4DED-8F9C-9A496DFC88A9}.Debug|Any CPU.ActiveCfg = Debug|Any CPU
		{65EB4CC1-E628-4DED-8F9C-9A496DFC88A9}.Debug|Any CPU.Build.0 = Debug|Any CPU
		{65EB4CC1-E628-4DED-8F9C-9A496DFC88A9}.Debug|ARM.ActiveCfg = Debug|Any CPU
		{65EB4CC1-E628-4DED-8F9C-9A496DFC88A9}.Debug|ARM.Build.0 = Debug|Any CPU
		{65EB4CC1-E628-4DED-8F9C-9A496DFC88A9}.Debug|iPhone.ActiveCfg = Debug|Any CPU
		{65EB4CC1-E628-4DED-8F9C-9A496DFC88A9}.Debug|iPhone.Build.0 = Debug|Any CPU
		{65EB4CC1-E628-4DED-8F9C-9A496DFC88A9}.Debug|iPhoneSimulator.ActiveCfg = Debug|Any CPU
		{65EB4CC1-E628-4DED-8F9C-9A496DFC88A9}.Debug|iPhoneSimulator.Build.0 = Debug|Any CPU
		{65EB4CC1-E628-4DED-8F9C-9A496DFC88A9}.Debug|x64.ActiveCfg = Debug|Any CPU
		{65EB4CC1-E628-4DED-8F9C-9A496DFC88A9}.Debug|x64.Build.0 = Debug|Any CPU
		{65EB4CC1-E628-4DED-8F9C-9A496DFC88A9}.Debug|x86.ActiveCfg = Debug|Any CPU
		{65EB4CC1-E628-4DED-8F9C-9A496DFC88A9}.Debug|x86.Build.0 = Debug|Any CPU
		{65EB4CC1-E628-4DED-8F9C-9A496DFC88A9}.Release|Any CPU.ActiveCfg = Release|Any CPU
		{65EB4CC1-E628-4DED-8F9C-9A496DFC88A9}.Release|Any CPU.Build.0 = Release|Any CPU
		{65EB4CC1-E628-4DED-8F9C-9A496DFC88A9}.Release|ARM.ActiveCfg = Release|Any CPU
		{65EB4CC1-E628-4DED-8F9C-9A496DFC88A9}.Release|ARM.Build.0 = Release|Any CPU
		{65EB4CC1-E628-4DED-8F9C-9A496DFC88A9}.Release|iPhone.ActiveCfg = Release|Any CPU
		{65EB4CC1-E628-4DED-8F9C-9A496DFC88A9}.Release|iPhone.Build.0 = Release|Any CPU
		{65EB4CC1-E628-4DED-8F9C-9A496DFC88A9}.Release|iPhoneSimulator.ActiveCfg = Release|Any CPU
		{65EB4CC1-E628-4DED-8F9C-9A496DFC88A9}.Release|iPhoneSimulator.Build.0 = Release|Any CPU
		{65EB4CC1-E628-4DED-8F9C-9A496DFC88A9}.Release|x64.ActiveCfg = Release|Any CPU
		{65EB4CC1-E628-4DED-8F9C-9A496DFC88A9}.Release|x64.Build.0 = Release|Any CPU
		{65EB4CC1-E628-4DED-8F9C-9A496DFC88A9}.Release|x86.ActiveCfg = Release|Any CPU
		{65EB4CC1-E628-4DED-8F9C-9A496DFC88A9}.Release|x86.Build.0 = Release|Any CPU
		{621F0860-B843-42A4-A54E-4BC0534D5243}.Ad-Hoc|Any CPU.ActiveCfg = Debug|Any CPU
		{621F0860-B843-42A4-A54E-4BC0534D5243}.Ad-Hoc|Any CPU.Build.0 = Debug|Any CPU
		{621F0860-B843-42A4-A54E-4BC0534D5243}.Ad-Hoc|ARM.ActiveCfg = Debug|Any CPU
		{621F0860-B843-42A4-A54E-4BC0534D5243}.Ad-Hoc|ARM.Build.0 = Debug|Any CPU
		{621F0860-B843-42A4-A54E-4BC0534D5243}.Ad-Hoc|iPhone.ActiveCfg = Debug|Any CPU
		{621F0860-B843-42A4-A54E-4BC0534D5243}.Ad-Hoc|iPhone.Build.0 = Debug|Any CPU
		{621F0860-B843-42A4-A54E-4BC0534D5243}.Ad-Hoc|iPhoneSimulator.ActiveCfg = Debug|Any CPU
		{621F0860-B843-42A4-A54E-4BC0534D5243}.Ad-Hoc|iPhoneSimulator.Build.0 = Debug|Any CPU
		{621F0860-B843-42A4-A54E-4BC0534D5243}.Ad-Hoc|x64.ActiveCfg = Debug|Any CPU
		{621F0860-B843-42A4-A54E-4BC0534D5243}.Ad-Hoc|x64.Build.0 = Debug|Any CPU
		{621F0860-B843-42A4-A54E-4BC0534D5243}.Ad-Hoc|x86.ActiveCfg = Debug|Any CPU
		{621F0860-B843-42A4-A54E-4BC0534D5243}.Ad-Hoc|x86.Build.0 = Debug|Any CPU
		{621F0860-B843-42A4-A54E-4BC0534D5243}.AppStore|Any CPU.ActiveCfg = Debug|Any CPU
		{621F0860-B843-42A4-A54E-4BC0534D5243}.AppStore|Any CPU.Build.0 = Debug|Any CPU
		{621F0860-B843-42A4-A54E-4BC0534D5243}.AppStore|ARM.ActiveCfg = Debug|Any CPU
		{621F0860-B843-42A4-A54E-4BC0534D5243}.AppStore|ARM.Build.0 = Debug|Any CPU
		{621F0860-B843-42A4-A54E-4BC0534D5243}.AppStore|iPhone.ActiveCfg = Debug|Any CPU
		{621F0860-B843-42A4-A54E-4BC0534D5243}.AppStore|iPhone.Build.0 = Debug|Any CPU
		{621F0860-B843-42A4-A54E-4BC0534D5243}.AppStore|iPhoneSimulator.ActiveCfg = Debug|Any CPU
		{621F0860-B843-42A4-A54E-4BC0534D5243}.AppStore|iPhoneSimulator.Build.0 = Debug|Any CPU
		{621F0860-B843-42A4-A54E-4BC0534D5243}.AppStore|x64.ActiveCfg = Debug|Any CPU
		{621F0860-B843-42A4-A54E-4BC0534D5243}.AppStore|x64.Build.0 = Debug|Any CPU
		{621F0860-B843-42A4-A54E-4BC0534D5243}.AppStore|x86.ActiveCfg = Debug|Any CPU
		{621F0860-B843-42A4-A54E-4BC0534D5243}.AppStore|x86.Build.0 = Debug|Any CPU
		{621F0860-B843-42A4-A54E-4BC0534D5243}.Debug|Any CPU.ActiveCfg = Debug|Any CPU
		{621F0860-B843-42A4-A54E-4BC0534D5243}.Debug|Any CPU.Build.0 = Debug|Any CPU
		{621F0860-B843-42A4-A54E-4BC0534D5243}.Debug|ARM.ActiveCfg = Debug|Any CPU
		{621F0860-B843-42A4-A54E-4BC0534D5243}.Debug|ARM.Build.0 = Debug|Any CPU
		{621F0860-B843-42A4-A54E-4BC0534D5243}.Debug|iPhone.ActiveCfg = Debug|Any CPU
		{621F0860-B843-42A4-A54E-4BC0534D5243}.Debug|iPhone.Build.0 = Debug|Any CPU
		{621F0860-B843-42A4-A54E-4BC0534D5243}.Debug|iPhoneSimulator.ActiveCfg = Debug|Any CPU
		{621F0860-B843-42A4-A54E-4BC0534D5243}.Debug|iPhoneSimulator.Build.0 = Debug|Any CPU
		{621F0860-B843-42A4-A54E-4BC0534D5243}.Debug|x64.ActiveCfg = Debug|Any CPU
		{621F0860-B843-42A4-A54E-4BC0534D5243}.Debug|x64.Build.0 = Debug|Any CPU
		{621F0860-B843-42A4-A54E-4BC0534D5243}.Debug|x86.ActiveCfg = Debug|Any CPU
		{621F0860-B843-42A4-A54E-4BC0534D5243}.Debug|x86.Build.0 = Debug|Any CPU
		{621F0860-B843-42A4-A54E-4BC0534D5243}.Release|Any CPU.ActiveCfg = Release|Any CPU
		{621F0860-B843-42A4-A54E-4BC0534D5243}.Release|Any CPU.Build.0 = Release|Any CPU
		{621F0860-B843-42A4-A54E-4BC0534D5243}.Release|ARM.ActiveCfg = Release|Any CPU
		{621F0860-B843-42A4-A54E-4BC0534D5243}.Release|ARM.Build.0 = Release|Any CPU
		{621F0860-B843-42A4-A54E-4BC0534D5243}.Release|iPhone.ActiveCfg = Release|Any CPU
		{621F0860-B843-42A4-A54E-4BC0534D5243}.Release|iPhone.Build.0 = Release|Any CPU
		{621F0860-B843-42A4-A54E-4BC0534D5243}.Release|iPhoneSimulator.ActiveCfg = Release|Any CPU
		{621F0860-B843-42A4-A54E-4BC0534D5243}.Release|iPhoneSimulator.Build.0 = Release|Any CPU
		{621F0860-B843-42A4-A54E-4BC0534D5243}.Release|x64.ActiveCfg = Release|Any CPU
		{621F0860-B843-42A4-A54E-4BC0534D5243}.Release|x64.Build.0 = Release|Any CPU
		{621F0860-B843-42A4-A54E-4BC0534D5243}.Release|x86.ActiveCfg = Release|Any CPU
		{621F0860-B843-42A4-A54E-4BC0534D5243}.Release|x86.Build.0 = Release|Any CPU
	EndGlobalSection
	GlobalSection(SolutionProperties) = preSolution
		HideSolutionNode = FALSE
	EndGlobalSection
	GlobalSection(NestedProjects) = preSolution
		{91CF7717-08AB-4E65-B10E-0B426F01E2E8} = {932D8224-11F6-4D07-B109-DA28AD288A63}
		{E279BF0F-7F66-4F3A-A3AB-2CDA66C1CD04} = {932D8224-11F6-4D07-B109-DA28AD288A63}
		{DB0EFB20-B024-4E5E-A75C-52143C131D25} = {932D8224-11F6-4D07-B109-DA28AD288A63}
		{807BB76E-B2BB-47A2-A57B-3D1B20FF5E7F} = {DB0EFB20-B024-4E5E-A75C-52143C131D25}
		{0044B293-1DCC-4224-B948-00CF6DC7F510} = {807BB76E-B2BB-47A2-A57B-3D1B20FF5E7F}
		{8088F3FC-6787-45FA-A924-816EC81CBFAC} = {807BB76E-B2BB-47A2-A57B-3D1B20FF5E7F}
		{69AF10D3-AA76-4FF7-B187-EC7E8CC5F5B8} = {807BB76E-B2BB-47A2-A57B-3D1B20FF5E7F}
		{1815B651-941C-466B-AE33-D1D7EEB8F77F} = {DB0EFB20-B024-4E5E-A75C-52143C131D25}
		{15F4B3AA-89B6-4A0D-9051-414305974781} = {1815B651-941C-466B-AE33-D1D7EEB8F77F}
		{77849D35-37D4-4802-81DC-9477B2775A40} = {932D8224-11F6-4D07-B109-DA28AD288A63}
		{EC91ADE9-3D66-4AB2-9FB4-2B585E1F3531} = {77849D35-37D4-4802-81DC-9477B2775A40}
		{3F79558C-485D-49E1-BD3E-E12538D3D308} = {EC91ADE9-3D66-4AB2-9FB4-2B585E1F3531}
		{68F5041D-51F2-4630-94B6-B49789F5E51A} = {DB0EFB20-B024-4E5E-A75C-52143C131D25}
		{56C2EF0B-6BF2-41D9-BE07-6E6D08D06B35} = {68F5041D-51F2-4630-94B6-B49789F5E51A}
		{9E0EFD03-7BC5-4D9F-BF22-058A8B7B820B} = {E279BF0F-7F66-4F3A-A3AB-2CDA66C1CD04}
		{7D2AFFF7-990A-4B15-8E01-437261F12F5C} = {E279BF0F-7F66-4F3A-A3AB-2CDA66C1CD04}
		{9EFBF2B2-EB6B-4FDE-8797-9436208ADA8D} = {E279BF0F-7F66-4F3A-A3AB-2CDA66C1CD04}
		{CF701FB2-3706-4A47-AADA-E2116B58C576} = {E279BF0F-7F66-4F3A-A3AB-2CDA66C1CD04}
		{89DE7B78-BDF6-4095-8587-6F540A8B1096} = {E279BF0F-7F66-4F3A-A3AB-2CDA66C1CD04}
		{EFFA4F3D-146A-4E58-B0B4-CC5904565DD2} = {807BB76E-B2BB-47A2-A57B-3D1B20FF5E7F}
		{3F68DD1B-D7B0-4053-924E-FD297ECAD0B2} = {91CF7717-08AB-4E65-B10E-0B426F01E2E8}
		{26F84F13-7F6D-47AD-88F8-1FBB1F7054DF} = {3F68DD1B-D7B0-4053-924E-FD297ECAD0B2}
		{16B2CBBE-25BC-4553-9DD0-1BE1DD715570} = {3F68DD1B-D7B0-4053-924E-FD297ECAD0B2}
		{353D57F2-70E1-4CF1-9431-FFA4B6DA804A} = {16B2CBBE-25BC-4553-9DD0-1BE1DD715570}
		{E095C29B-79F0-46E0-91EE-2FDB55F30754} = {5D448279-4725-4912-96B6-191E1F8D7ED2}
		{5D448279-4725-4912-96B6-191E1F8D7ED2} = {77849D35-37D4-4802-81DC-9477B2775A40}
		{DEEF75F4-2602-49C9-8091-DDE74E0C7A14} = {91CF7717-08AB-4E65-B10E-0B426F01E2E8}
		{DE49863E-EC3F-4974-B76C-88ACDFC851EC} = {DEEF75F4-2602-49C9-8091-DDE74E0C7A14}
		{4DBC063C-53F4-444C-B2FC-D62E07CA7A1D} = {5D448279-4725-4912-96B6-191E1F8D7ED2}
		{71A3B3D3-653C-43A1-823F-B72A2591A75A} = {77849D35-37D4-4802-81DC-9477B2775A40}
		{C3F52A18-4960-4DE1-B7CF-2DFE1EBA5438} = {77849D35-37D4-4802-81DC-9477B2775A40}
		{65EB4CC1-E628-4DED-8F9C-9A496DFC88A9} = {EC91ADE9-3D66-4AB2-9FB4-2B585E1F3531}
		{621F0860-B843-42A4-A54E-4BC0534D5243} = {E279BF0F-7F66-4F3A-A3AB-2CDA66C1CD04}
	EndGlobalSection
	GlobalSection(ExtensibilityGlobals) = postSolution
		SolutionGuid = {25728519-5F0F-4973-8A64-0A81EB4EA8D9}
	EndGlobalSection
EndGlobal
