Microsoft Visual Studio Solution File, Format Version 12.00
# Visual Studio Version 16
VisualStudioVersion = 16.0.0.0
MinimumVisualStudioVersion = 16.0.0.0
Project("{9A19103F-16F7-4668-BE54-9A1E7A4F7556}") = "Lefebvre.Server", "Server\Lefebvre.Server.csproj", "{4E67A102-A100-4C4C-811C-C168E5940166}"
EndProject
Project("{9A19103F-16F7-4668-BE54-9A1E7A4F7556}") = "Lefebvre.Client", "Client\Lefebvre.Client.csproj", "{6823C723-5AA7-457B-999D-308AC297F830}"
EndProject
Project("{9A19103F-16F7-4668-BE54-9A1E7A4F7556}") = "Lefebvre.Shared", "Shared\Lefebvre.Shared.csproj", "{E5B37ABA-652B-40E4-BADD-3B7ADCCDB8E5}"
EndProject
Global
	GlobalSection(SolutionConfigurationPlatforms) = preSolution
		Debug|Any CPU = Debug|Any CPU
		Debug|x64 = Debug|x64
		Debug|x86 = Debug|x86
		Release|Any CPU = Release|Any CPU
		Release|x64 = Release|x64
		Release|x86 = Release|x86
	EndGlobalSection
	GlobalSection(ProjectConfigurationPlatforms) = postSolution
		{6823C723-5AA7-457B-999D-308AC297F830}.Debug|Any CPU.ActiveCfg = Debug|Any CPU
		{6823C723-5AA7-457B-999D-308AC297F830}.Debug|Any CPU.Build.0 = Debug|Any CPU
		{6823C723-5AA7-457B-999D-308AC297F830}.Debug|x64.ActiveCfg = Debug|Any CPU
		{6823C723-5AA7-457B-999D-308AC297F830}.Debug|x64.Build.0 = Debug|Any CPU
		{6823C723-5AA7-457B-999D-308AC297F830}.Debug|x86.ActiveCfg = Debug|Any CPU
		{6823C723-5AA7-457B-999D-308AC297F830}.Debug|x86.Build.0 = Debug|Any CPU
		{6823C723-5AA7-457B-999D-308AC297F830}.Release|Any CPU.ActiveCfg = Release|Any CPU
		{6823C723-5AA7-457B-999D-308AC297F830}.Release|Any CPU.Build.0 = Release|Any CPU
		{6823C723-5AA7-457B-999D-308AC297F830}.Release|x64.ActiveCfg = Release|Any CPU
		{6823C723-5AA7-457B-999D-308AC297F830}.Release|x64.Build.0 = Release|Any CPU
		{6823C723-5AA7-457B-999D-308AC297F830}.Release|x86.ActiveCfg = Release|Any CPU
		{6823C723-5AA7-457B-999D-308AC297F830}.Release|x86.Build.0 = Release|Any CPU
		{4E67A102-A100-4C4C-811C-C168E5940166}.Debug|Any CPU.ActiveCfg = Debug|Any CPU
		{4E67A102-A100-4C4C-811C-C168E5940166}.Debug|Any CPU.Build.0 = Debug|Any CPU
		{4E67A102-A100-4C4C-811C-C168E5940166}.Debug|x64.ActiveCfg = Debug|Any CPU
		{4E67A102-A100-4C4C-811C-C168E5940166}.Debug|x64.Build.0 = Debug|Any CPU
		{4E67A102-A100-4C4C-811C-C168E5940166}.Debug|x86.ActiveCfg = Debug|Any CPU
		{4E67A102-A100-4C4C-811C-C168E5940166}.Debug|x86.Build.0 = Debug|Any CPU
		{4E67A102-A100-4C4C-811C-C168E5940166}.Release|Any CPU.ActiveCfg = Release|Any CPU
		{4E67A102-A100-4C4C-811C-C168E5940166}.Release|Any CPU.Build.0 = Release|Any CPU
		{4E67A102-A100-4C4C-811C-C168E5940166}.Release|x64.ActiveCfg = Release|Any CPU
		{4E67A102-A100-4C4C-811C-C168E5940166}.Release|x64.Build.0 = Release|Any CPU
		{4E67A102-A100-4C4C-811C-C168E5940166}.Release|x86.ActiveCfg = Release|Any CPU
		{4E67A102-A100-4C4C-811C-C168E5940166}.Release|x86.Build.0 = Release|Any CPU
		{E5B37ABA-652B-40E4-BADD-3B7ADCCDB8E5}.Debug|Any CPU.ActiveCfg = Debug|Any CPU
		{E5B37ABA-652B-40E4-BADD-3B7ADCCDB8E5}.Debug|Any CPU.Build.0 = Debug|Any CPU
		{E5B37ABA-652B-40E4-BADD-3B7ADCCDB8E5}.Debug|x64.ActiveCfg = Debug|Any CPU
		{E5B37ABA-652B-40E4-BADD-3B7ADCCDB8E5}.Debug|x64.Build.0 = Debug|Any CPU
		{E5B37ABA-652B-40E4-BADD-3B7ADCCDB8E5}.Debug|x86.ActiveCfg = Debug|Any CPU
		{E5B37ABA-652B-40E4-BADD-3B7ADCCDB8E5}.Debug|x86.Build.0 = Debug|Any CPU
		{E5B37ABA-652B-40E4-BADD-3B7ADCCDB8E5}.Release|Any CPU.ActiveCfg = Release|Any CPU
		{E5B37ABA-652B-40E4-BADD-3B7ADCCDB8E5}.Release|Any CPU.Build.0 = Release|Any CPU
		{E5B37ABA-652B-40E4-BADD-3B7ADCCDB8E5}.Release|x64.ActiveCfg = Release|Any CPU
		{E5B37ABA-652B-40E4-BADD-3B7ADCCDB8E5}.Release|x64.Build.0 = Release|Any CPU
		{E5B37ABA-652B-40E4-BADD-3B7ADCCDB8E5}.Release|x86.ActiveCfg = Release|Any CPU
		{E5B37ABA-652B-40E4-BADD-3B7ADCCDB8E5}.Release|x86.Build.0 = Release|Any CPU
	EndGlobalSection
	GlobalSection(SolutionProperties) = preSolution
		HideSolutionNode = FALSE
	EndGlobalSection
	GlobalSection(ExtensibilityGlobals) = postSolution
		SolutionGuid = {3D690906-00B9-4586-BEA1-AD76D241C720}
	EndGlobalSection
EndGlobal