
Microsoft Visual Studio Solution File, Format Version 12.00
# Visual Studio Version 16
VisualStudioVersion = 16.0.29728.190
MinimumVisualStudioVersion = 10.0.40219.1
Project("{9092AA53-FB77-4645-B42D-1CCCA6BD08BD}") = "CalendarOnIframe", "..\CalendarOnIframe.njsproj", "{9E1368F0-7E11-42FF-817B-6BA140FC789C}"
EndProject
Global
	GlobalSection(SolutionConfigurationPlatforms) = preSolution
		Debug|Any CPU = Debug|Any CPU
		Release|Any CPU = Release|Any CPU
	EndGlobalSection
	GlobalSection(ProjectConfigurationPlatforms) = postSolution
		{9E1368F0-7E11-42FF-817B-6BA140FC789C}.Debug|Any CPU.ActiveCfg = Debug|Any CPU
		{9E1368F0-7E11-42FF-817B-6BA140FC789C}.Debug|Any CPU.Build.0 = Debug|Any CPU
		{9E1368F0-7E11-42FF-817B-6BA140FC789C}.Release|Any CPU.ActiveCfg = Release|Any CPU
		{9E1368F0-7E11-42FF-817B-6BA140FC789C}.Release|Any CPU.Build.0 = Release|Any CPU
	EndGlobalSection
	GlobalSection(SolutionProperties) = preSolution
		HideSolutionNode = FALSE
	EndGlobalSection
	GlobalSection(ExtensibilityGlobals) = postSolution
		SolutionGuid = {4AE28082-E19E-40B9-8BDB-9927A80B91FC}
	EndGlobalSection
EndGlobal
